// !$*UTF8*$!
{
	archiveVersion = 1;
	classes = {
	};
	objectVersion = 46;
	objects = {

/* Begin PBXBuildFile section */
		699EBCA81799B1C85B4EFAF6 /* libPods-Sadovod.a in Frameworks */ = {isa = PBXBuildFile; fileRef = DB0C66A742FF03CE239AEFEF /* libPods-Sadovod.a */; };
		7721D6731C59566C00B7BF83 /* ic_cart.png in Resources */ = {isa = PBXBuildFile; fileRef = 7721D6721C59566C00B7BF83 /* ic_cart.png */; };
		775B79C41C50CECF0036ABCE /* ic_orders.png in Resources */ = {isa = PBXBuildFile; fileRef = 775B79C31C50CECF0036ABCE /* ic_orders.png */; };
		775B79C81C50CFB60036ABCE /* OrdersViewController.m in Sources */ = {isa = PBXBuildFile; fileRef = 775B79C71C50CFB60036ABCE /* OrdersViewController.m */; };
		775B79CB1C51168B0036ABCE /* TextViewHeight.m in Sources */ = {isa = PBXBuildFile; fileRef = 775B79CA1C51168B0036ABCE /* TextViewHeight.m */; };
		7767156A1C4FA8230008DC24 /* TitleClass.m in Sources */ = {isa = PBXBuildFile; fileRef = 776715691C4FA8230008DC24 /* TitleClass.m */; };
		7767156D1C4FC4A70008DC24 /* ViewProductDetails.m in Sources */ = {isa = PBXBuildFile; fileRef = 7767156C1C4FC4A70008DC24 /* ViewProductDetails.m */; };
		776BF21D1C4B8A4C0006C502 /* SectionTableViewController.m in Sources */ = {isa = PBXBuildFile; fileRef = 776BF21C1C4B8A4C0006C502 /* SectionTableViewController.m */; };
		776BF2201C4B92780006C502 /* ViewSectionTable.m in Sources */ = {isa = PBXBuildFile; fileRef = 776BF21F1C4B92780006C502 /* ViewSectionTable.m */; };
		776BF2231C4B95B80006C502 /* ModelSectionTableOwner.m in Sources */ = {isa = PBXBuildFile; fileRef = 776BF2221C4B95B80006C502 /* ModelSectionTableOwner.m */; };
		776BF2301C4B993C0006C502 /* 3image.jpg in Resources */ = {isa = PBXBuildFile; fileRef = 776BF2251C4B993C0006C502 /* 3image.jpg */; };
		776BF2311C4B993C0006C502 /* 1image.jpg in Resources */ = {isa = PBXBuildFile; fileRef = 776BF2261C4B993C0006C502 /* 1image.jpg */; };
		776BF2321C4B993C0006C502 /* 5image.jpg in Resources */ = {isa = PBXBuildFile; fileRef = 776BF2271C4B993C0006C502 /* 5image.jpg */; };
		776BF2331C4B993C0006C502 /* 11image.jpg in Resources */ = {isa = PBXBuildFile; fileRef = 776BF2281C4B993C0006C502 /* 11image.jpg */; };
		776BF2341C4B993C0006C502 /* 2image.jpg in Resources */ = {isa = PBXBuildFile; fileRef = 776BF2291C4B993C0006C502 /* 2image.jpg */; };
		776BF2351C4B993C0006C502 /* 6image.jpg in Resources */ = {isa = PBXBuildFile; fileRef = 776BF22A1C4B993C0006C502 /* 6image.jpg */; };
		776BF2361C4B993C0006C502 /* 7image.jpg in Resources */ = {isa = PBXBuildFile; fileRef = 776BF22B1C4B993C0006C502 /* 7image.jpg */; };
		776BF2371C4B993C0006C502 /* 4image.png in Resources */ = {isa = PBXBuildFile; fileRef = 776BF22C1C4B993C0006C502 /* 4image.png */; };
		776BF2381C4B993C0006C502 /* 9image.jpg in Resources */ = {isa = PBXBuildFile; fileRef = 776BF22D1C4B993C0006C502 /* 9image.jpg */; };
		776BF2391C4B993C0006C502 /* 10image.jpg in Resources */ = {isa = PBXBuildFile; fileRef = 776BF22E1C4B993C0006C502 /* 10image.jpg */; };
		776BF23A1C4B993C0006C502 /* 8image.jpg in Resources */ = {isa = PBXBuildFile; fileRef = 776BF22F1C4B993C0006C502 /* 8image.jpg */; };
		776BF23E1C4BB2510006C502 /* ViewControllerProductDetails.m in Sources */ = {isa = PBXBuildFile; fileRef = 776BF23D1C4BB2510006C502 /* ViewControllerProductDetails.m */; };
		77729FED1C53B53F00BC7791 /* ic_order_edit.png in Resources */ = {isa = PBXBuildFile; fileRef = 77729FEC1C53B53F00BC7791 /* ic_order_edit.png */; };
		77729FF01C53B94400BC7791 /* EditSizeViewController.m in Sources */ = {isa = PBXBuildFile; fileRef = 77729FEF1C53B94400BC7791 /* EditSizeViewController.m */; };
		77729FF41C53C52100BC7791 /* CustomerViewController.m in Sources */ = {isa = PBXBuildFile; fileRef = 77729FF31C53C52100BC7791 /* CustomerViewController.m */; };
		77729FF71C53C53900BC7791 /* ViewCustomer.m in Sources */ = {isa = PBXBuildFile; fileRef = 77729FF61C53C53900BC7791 /* ViewCustomer.m */; };
		77729FF91C53C7E700BC7791 /* ic_order_info.png in Resources */ = {isa = PBXBuildFile; fileRef = 77729FF81C53C7E700BC7791 /* ic_order_info.png */; };
		77979C941C5CE76F0019A2EB /* LabelProductDetail.m in Sources */ = {isa = PBXBuildFile; fileRef = 77979C931C5CE76F0019A2EB /* LabelProductDetail.m */; };
		77BFECF71C4AC5E80091A336 /* main.m in Sources */ = {isa = PBXBuildFile; fileRef = 77BFECF61C4AC5E80091A336 /* main.m */; };
		77BFECFA1C4AC5E80091A336 /* AppDelegate.m in Sources */ = {isa = PBXBuildFile; fileRef = 77BFECF91C4AC5E80091A336 /* AppDelegate.m */; };
		77BFECFD1C4AC5E80091A336 /* ViewController.m in Sources */ = {isa = PBXBuildFile; fileRef = 77BFECFC1C4AC5E80091A336 /* ViewController.m */; };
		77BFED001C4AC5E80091A336 /* Main.storyboard in Resources */ = {isa = PBXBuildFile; fileRef = 77BFECFE1C4AC5E80091A336 /* Main.storyboard */; };
		77BFED021C4AC5E80091A336 /* Assets.xcassets in Resources */ = {isa = PBXBuildFile; fileRef = 77BFED011C4AC5E80091A336 /* Assets.xcassets */; };
		77BFED051C4AC5E80091A336 /* LaunchScreen.storyboard in Resources */ = {isa = PBXBuildFile; fileRef = 77BFED031C4AC5E80091A336 /* LaunchScreen.storyboard */; };
		77BFED101C4AC5E90091A336 /* SadovodTests.m in Sources */ = {isa = PBXBuildFile; fileRef = 77BFED0F1C4AC5E90091A336 /* SadovodTests.m */; };
		77BFED1B1C4AC5E90091A336 /* SadovodUITests.m in Sources */ = {isa = PBXBuildFile; fileRef = 77BFED1A1C4AC5E90091A336 /* SadovodUITests.m */; };
		77BFED2B1C4AC9F10091A336 /* SWRevealViewController.m in Sources */ = {isa = PBXBuildFile; fileRef = 77BFED2A1C4AC9F10091A336 /* SWRevealViewController.m */; };
		77BFED2E1C4ACF900091A336 /* UserMenuViewController.m in Sources */ = {isa = PBXBuildFile; fileRef = 77BFED2D1C4ACF900091A336 /* UserMenuViewController.m */; };
		77CB380E1C5B5C4D00C3D695 /* ic_more.png in Resources */ = {isa = PBXBuildFile; fileRef = 77CB380D1C5B5C4D00C3D695 /* ic_more.png */; };
		77CB38121C5B60DB00C3D695 /* Animation.m in Sources */ = {isa = PBXBuildFile; fileRef = 77CB38111C5B60DB00C3D695 /* Animation.m */; };
		77CB38141C5BABB200C3D695 /* ic_cart_grey.png in Resources */ = {isa = PBXBuildFile; fileRef = 77CB38131C5BABB200C3D695 /* ic_cart_grey.png */; };
		77CCE9111C58FCCE00D710D1 /* imagesave.png in Resources */ = {isa = PBXBuildFile; fileRef = 77CCE9101C58FCCE00D710D1 /* imagesave.png */; };
		77CCE9131C58FEB900D710D1 /* backImage.png in Resources */ = {isa = PBXBuildFile; fileRef = 77CCE9121C58FEB900D710D1 /* backImage.png */; };
		77CE81941C4AF296003C7FFE /* ModelMyShowcase.m in Sources */ = {isa = PBXBuildFile; fileRef = 77CE81931C4AF296003C7FFE /* ModelMyShowcase.m */; };
		77CE819A1C4AFC44003C7FFE /* LabelViewMyShowcase.m in Sources */ = {isa = PBXBuildFile; fileRef = 77CE81991C4AFC44003C7FFE /* LabelViewMyShowcase.m */; };
		77D9D4FC1C4CE9AB003C3610 /* UIColor+HexColor.m in Sources */ = {isa = PBXBuildFile; fileRef = 77D9D4FB1C4CE9AB003C3610 /* UIColor+HexColor.m */; };
		77D9D4FF1C4CEBD1003C3610 /* LognViewController.m in Sources */ = {isa = PBXBuildFile; fileRef = 77D9D4FE1C4CEBD1003C3610 /* LognViewController.m */; };
		77D9D5031C4CEC30003C3610 /* LoginTextField.m in Sources */ = {isa = PBXBuildFile; fileRef = 77D9D5021C4CEC30003C3610 /* LoginTextField.m */; };
		77E5772A1C60D100000F0C44 /* UIBarButtonItem+Alpha.m in Sources */ = {isa = PBXBuildFile; fileRef = 77E577291C60D100000F0C44 /* UIBarButtonItem+Alpha.m */; };
		77E6DABA1C59FEB300FD1029 /* BasketViewController.m in Sources */ = {isa = PBXBuildFile; fileRef = 77E6DAB91C59FEB300FD1029 /* BasketViewController.m */; };
		77E6DAC11C5A0FD400FD1029 /* IssueViewController.m in Sources */ = {isa = PBXBuildFile; fileRef = 77E6DAC01C5A0FD400FD1029 /* IssueViewController.m */; };
		77E6DAC41C5A1AF600FD1029 /* DecorView.m in Sources */ = {isa = PBXBuildFile; fileRef = 77E6DAC31C5A1AF600FD1029 /* DecorView.m */; };
		77E6DAC61C5A4FA700FD1029 /* ic_delete.png in Resources */ = {isa = PBXBuildFile; fileRef = 77E6DAC51C5A4FA700FD1029 /* ic_delete.png */; };
		77E801A91C5261BD00091F9A /* OrderViewController.m in Sources */ = {isa = PBXBuildFile; fileRef = 77E801A81C5261BD00091F9A /* OrderViewController.m */; };
		77E801AC1C5261D900091F9A /* OrderViewDetails.m in Sources */ = {isa = PBXBuildFile; fileRef = 77E801AB1C5261D900091F9A /* OrderViewDetails.m */; };
		77FC43C91C4FFC0B00F750A1 /* GuestPasswordViewController.m in Sources */ = {isa = PBXBuildFile; fileRef = 77FC43C81C4FFC0B00F750A1 /* GuestPasswordViewController.m */; };
		AD379B911C50EC9A005DDDAC /* ParserProduct.m in Sources */ = {isa = PBXBuildFile; fileRef = AD379B901C50EC9A005DDDAC /* ParserProduct.m */; };
		AD379B941C50ECA4005DDDAC /* ParserProductResponse.m in Sources */ = {isa = PBXBuildFile; fileRef = AD379B931C50ECA4005DDDAC /* ParserProductResponse.m */; };
		AD379BB21C555B0C005DDDAC /* ParserOrder.m in Sources */ = {isa = PBXBuildFile; fileRef = AD379BB11C555B0C005DDDAC /* ParserOrder.m */; };
		AD379BB51C555B1C005DDDAC /* ParserOrderResponse.m in Sources */ = {isa = PBXBuildFile; fileRef = AD379BB41C555B1C005DDDAC /* ParserOrderResponse.m */; };
		AD379BB81C5560FE005DDDAC /* ParserOrderClientInfo.m in Sources */ = {isa = PBXBuildFile; fileRef = AD379BB71C5560FE005DDDAC /* ParserOrderClientInfo.m */; };
		AD379BBB1C556108005DDDAC /* ParserOrderClientInfoResponse.m in Sources */ = {isa = PBXBuildFile; fileRef = AD379BBA1C556108005DDDAC /* ParserOrderClientInfoResponse.m */; };
		AD379BBE1C561F16005DDDAC /* ParserProductSize.m in Sources */ = {isa = PBXBuildFile; fileRef = AD379BBD1C561F16005DDDAC /* ParserProductSize.m */; };
		AD379BC11C561F22005DDDAC /* ParserProductSizeResponse.m in Sources */ = {isa = PBXBuildFile; fileRef = AD379BC01C561F22005DDDAC /* ParserProductSizeResponse.m */; };
		AD69E5CE1C4E7C4400DF6151 /* ParserCategory.m in Sources */ = {isa = PBXBuildFile; fileRef = AD69E5CD1C4E7C4400DF6151 /* ParserCategory.m */; };
		AD69E5D11C4E7C9F00DF6151 /* ParserCategoryResponse.m in Sources */ = {isa = PBXBuildFile; fileRef = AD69E5D01C4E7C9F00DF6151 /* ParserCategoryResponse.m */; };
		AD69E5D41C4E974300DF6151 /* MyShowcaseViewController.m in Sources */ = {isa = PBXBuildFile; fileRef = AD69E5D31C4E974300DF6151 /* MyShowcaseViewController.m */; };
		AD69E5E21C4EE6B800DF6151 /* UIImage+Alpha.m in Sources */ = {isa = PBXBuildFile; fileRef = AD69E5D91C4EE6B800DF6151 /* UIImage+Alpha.m */; };
		AD69E5E31C4EE6B800DF6151 /* UIImage+Blured_And_SnapShot_Image.m in Sources */ = {isa = PBXBuildFile; fileRef = AD69E5DB1C4EE6B800DF6151 /* UIImage+Blured_And_SnapShot_Image.m */; };
		AD69E5E41C4EE6B800DF6151 /* UIImage+ImageEffects.m in Sources */ = {isa = PBXBuildFile; fileRef = AD69E5DD1C4EE6B800DF6151 /* UIImage+ImageEffects.m */; };
		AD69E5E51C4EE6B800DF6151 /* UIImage+Resize.m in Sources */ = {isa = PBXBuildFile; fileRef = AD69E5DF1C4EE6B800DF6151 /* UIImage+Resize.m */; };
		AD69E5E61C4EE6B800DF6151 /* UIImage+RoundedCorner.m in Sources */ = {isa = PBXBuildFile; fileRef = AD69E5E11C4EE6B800DF6151 /* UIImage+RoundedCorner.m */; };
		AD69E5E91C4EE75D00DF6151 /* TextAndImageHeight.m in Sources */ = {isa = PBXBuildFile; fileRef = AD69E5E81C4EE75D00DF6151 /* TextAndImageHeight.m */; };
		AD69E5EC1C501CE000DF6151 /* ParserGuestPassword.m in Sources */ = {isa = PBXBuildFile; fileRef = AD69E5EB1C501CE000DF6151 /* ParserGuestPassword.m */; };
		AD69E5EF1C501CF600DF6151 /* ParserGuestPasswordResponse.m in Sources */ = {isa = PBXBuildFile; fileRef = AD69E5EE1C501CF600DF6151 /* ParserGuestPasswordResponse.m */; };
		AD6F100E1C4D1C3A00FF70B3 /* UserModel.xcdatamodeld in Sources */ = {isa = PBXBuildFile; fileRef = AD6F100C1C4D1C3A00FF70B3 /* UserModel.xcdatamodeld */; };
		AD6F10131C4D1C9F00FF70B3 /* Auth+CoreDataProperties.m in Sources */ = {isa = PBXBuildFile; fileRef = AD6F10101C4D1C9F00FF70B3 /* Auth+CoreDataProperties.m */; };
		AD6F10141C4D1C9F00FF70B3 /* Auth.m in Sources */ = {isa = PBXBuildFile; fileRef = AD6F10121C4D1C9F00FF70B3 /* Auth.m */; };
		AD6F10171C4D1CD600FF70B3 /* AuthDbClass.m in Sources */ = {isa = PBXBuildFile; fileRef = AD6F10161C4D1CD600FF70B3 /* AuthDbClass.m */; };
		AD6F101A1C4D1EF900FF70B3 /* ParserAuthKey.m in Sources */ = {isa = PBXBuildFile; fileRef = AD6F10191C4D1EF900FF70B3 /* ParserAuthKey.m */; };
		AD6F101D1C4D1FB900FF70B3 /* ParserAuthResponse.m in Sources */ = {isa = PBXBuildFile; fileRef = AD6F101C1C4D1FB900FF70B3 /* ParserAuthResponse.m */; };
		AD6F10201C4D266300FF70B3 /* SingleTone.m in Sources */ = {isa = PBXBuildFile; fileRef = AD6F101F1C4D266300FF70B3 /* SingleTone.m */; };
		AD6F10231C4D310900FF70B3 /* ParserLoginPassword.m in Sources */ = {isa = PBXBuildFile; fileRef = AD6F10221C4D310900FF70B3 /* ParserLoginPassword.m */; };
		AD6F10261C4D701600FF70B3 /* ParserLoginPasswordResponse.m in Sources */ = {isa = PBXBuildFile; fileRef = AD6F10251C4D701600FF70B3 /* ParserLoginPasswordResponse.m */; };
		ADB6218D1C5A60B70041BE2F /* ParserBuyProductInfo.m in Sources */ = {isa = PBXBuildFile; fileRef = ADB6218C1C5A60B70041BE2F /* ParserBuyProductInfo.m */; };
		ADB621901C5A60DC0041BE2F /* ParserBuyProductInfoResponse.m in Sources */ = {isa = PBXBuildFile; fileRef = ADB6218F1C5A60DC0041BE2F /* ParserBuyProductInfoResponse.m */; };
		ADB621931C5BD8480041BE2F /* CartUpdaterClass.m in Sources */ = {isa = PBXBuildFile; fileRef = ADB621921C5BD8480041BE2F /* CartUpdaterClass.m */; };
		ADB621961C5BDCFB0041BE2F /* ParserSimpleCart.m in Sources */ = {isa = PBXBuildFile; fileRef = ADB621951C5BDCFB0041BE2F /* ParserSimpleCart.m */; };
		ADB621991C5BDD0B0041BE2F /* ParserSimpleCartResponse.m in Sources */ = {isa = PBXBuildFile; fileRef = ADB621981C5BDD0B0041BE2F /* ParserSimpleCartResponse.m */; };
		ADB6219C1C5CF2DD0041BE2F /* ParserFullCart.m in Sources */ = {isa = PBXBuildFile; fileRef = ADB6219B1C5CF2DD0041BE2F /* ParserFullCart.m */; };
		ADB6219F1C5CF2EB0041BE2F /* ParserFullCartResponse.m in Sources */ = {isa = PBXBuildFile; fileRef = ADB6219E1C5CF2EB0041BE2F /* ParserFullCartResponse.m */; };
		ADFBF57F1C4C47FE007E080D /* APIGetClass.m in Sources */ = {isa = PBXBuildFile; fileRef = ADFBF57E1C4C47FE007E080D /* APIGetClass.m */; };
		ADFBF5821C4C496B007E080D /* APIPostClass.m in Sources */ = {isa = PBXBuildFile; fileRef = ADFBF5811C4C496B007E080D /* APIPostClass.m */; };
		ADFBF5861C4C4B35007E080D /* AlertClass.m in Sources */ = {isa = PBXBuildFile; fileRef = ADFBF5851C4C4B35007E080D /* AlertClass.m */; };
		ADFBF58B1C4C5F16007E080D /* menu.png in Resources */ = {isa = PBXBuildFile; fileRef = ADFBF58A1C4C5F16007E080D /* menu.png */; };
/* End PBXBuildFile section */

/* Begin PBXContainerItemProxy section */
		77BFED0C1C4AC5E90091A336 /* PBXContainerItemProxy */ = {
			isa = PBXContainerItemProxy;
			containerPortal = 77BFECEA1C4AC5E80091A336 /* Project object */;
			proxyType = 1;
			remoteGlobalIDString = 77BFECF11C4AC5E80091A336;
			remoteInfo = Sadovod;
		};
		77BFED171C4AC5E90091A336 /* PBXContainerItemProxy */ = {
			isa = PBXContainerItemProxy;
			containerPortal = 77BFECEA1C4AC5E80091A336 /* Project object */;
			proxyType = 1;
			remoteGlobalIDString = 77BFECF11C4AC5E80091A336;
			remoteInfo = Sadovod;
		};
/* End PBXContainerItemProxy section */

/* Begin PBXFileReference section */
		7721D6721C59566C00B7BF83 /* ic_cart.png */ = {isa = PBXFileReference; lastKnownFileType = image.png; path = ic_cart.png; sourceTree = "<group>"; };
		775B79C31C50CECF0036ABCE /* ic_orders.png */ = {isa = PBXFileReference; lastKnownFileType = image.png; path = ic_orders.png; sourceTree = "<group>"; };
		775B79C61C50CFB60036ABCE /* OrdersViewController.h */ = {isa = PBXFileReference; fileEncoding = 4; lastKnownFileType = sourcecode.c.h; path = OrdersViewController.h; sourceTree = "<group>"; };
		775B79C71C50CFB60036ABCE /* OrdersViewController.m */ = {isa = PBXFileReference; fileEncoding = 4; lastKnownFileType = sourcecode.c.objc; path = OrdersViewController.m; sourceTree = "<group>"; };
		775B79C91C51168A0036ABCE /* TextViewHeight.h */ = {isa = PBXFileReference; fileEncoding = 4; lastKnownFileType = sourcecode.c.h; path = TextViewHeight.h; sourceTree = "<group>"; };
		775B79CA1C51168B0036ABCE /* TextViewHeight.m */ = {isa = PBXFileReference; fileEncoding = 4; lastKnownFileType = sourcecode.c.objc; path = TextViewHeight.m; sourceTree = "<group>"; };
		776715681C4FA8230008DC24 /* TitleClass.h */ = {isa = PBXFileReference; fileEncoding = 4; lastKnownFileType = sourcecode.c.h; path = TitleClass.h; sourceTree = "<group>"; };
		776715691C4FA8230008DC24 /* TitleClass.m */ = {isa = PBXFileReference; fileEncoding = 4; lastKnownFileType = sourcecode.c.objc; path = TitleClass.m; sourceTree = "<group>"; };
		7767156B1C4FC4A70008DC24 /* ViewProductDetails.h */ = {isa = PBXFileReference; fileEncoding = 4; lastKnownFileType = sourcecode.c.h; path = ViewProductDetails.h; sourceTree = "<group>"; };
		7767156C1C4FC4A70008DC24 /* ViewProductDetails.m */ = {isa = PBXFileReference; fileEncoding = 4; lastKnownFileType = sourcecode.c.objc; path = ViewProductDetails.m; sourceTree = "<group>"; };
		776BF21B1C4B8A4C0006C502 /* SectionTableViewController.h */ = {isa = PBXFileReference; fileEncoding = 4; lastKnownFileType = sourcecode.c.h; path = SectionTableViewController.h; sourceTree = "<group>"; };
		776BF21C1C4B8A4C0006C502 /* SectionTableViewController.m */ = {isa = PBXFileReference; fileEncoding = 4; lastKnownFileType = sourcecode.c.objc; path = SectionTableViewController.m; sourceTree = "<group>"; };
		776BF21E1C4B92780006C502 /* ViewSectionTable.h */ = {isa = PBXFileReference; fileEncoding = 4; lastKnownFileType = sourcecode.c.h; path = ViewSectionTable.h; sourceTree = "<group>"; };
		776BF21F1C4B92780006C502 /* ViewSectionTable.m */ = {isa = PBXFileReference; fileEncoding = 4; lastKnownFileType = sourcecode.c.objc; path = ViewSectionTable.m; sourceTree = "<group>"; };
		776BF2211C4B95B80006C502 /* ModelSectionTableOwner.h */ = {isa = PBXFileReference; fileEncoding = 4; lastKnownFileType = sourcecode.c.h; path = ModelSectionTableOwner.h; sourceTree = "<group>"; };
		776BF2221C4B95B80006C502 /* ModelSectionTableOwner.m */ = {isa = PBXFileReference; fileEncoding = 4; lastKnownFileType = sourcecode.c.objc; path = ModelSectionTableOwner.m; sourceTree = "<group>"; };
		776BF2251C4B993C0006C502 /* 3image.jpg */ = {isa = PBXFileReference; lastKnownFileType = image.jpeg; path = 3image.jpg; sourceTree = "<group>"; };
		776BF2261C4B993C0006C502 /* 1image.jpg */ = {isa = PBXFileReference; lastKnownFileType = image.jpeg; path = 1image.jpg; sourceTree = "<group>"; };
		776BF2271C4B993C0006C502 /* 5image.jpg */ = {isa = PBXFileReference; lastKnownFileType = image.jpeg; path = 5image.jpg; sourceTree = "<group>"; };
		776BF2281C4B993C0006C502 /* 11image.jpg */ = {isa = PBXFileReference; lastKnownFileType = image.jpeg; path = 11image.jpg; sourceTree = "<group>"; };
		776BF2291C4B993C0006C502 /* 2image.jpg */ = {isa = PBXFileReference; lastKnownFileType = image.jpeg; path = 2image.jpg; sourceTree = "<group>"; };
		776BF22A1C4B993C0006C502 /* 6image.jpg */ = {isa = PBXFileReference; lastKnownFileType = image.jpeg; path = 6image.jpg; sourceTree = "<group>"; };
		776BF22B1C4B993C0006C502 /* 7image.jpg */ = {isa = PBXFileReference; lastKnownFileType = image.jpeg; path = 7image.jpg; sourceTree = "<group>"; };
		776BF22C1C4B993C0006C502 /* 4image.png */ = {isa = PBXFileReference; lastKnownFileType = image.png; path = 4image.png; sourceTree = "<group>"; };
		776BF22D1C4B993C0006C502 /* 9image.jpg */ = {isa = PBXFileReference; lastKnownFileType = image.jpeg; path = 9image.jpg; sourceTree = "<group>"; };
		776BF22E1C4B993C0006C502 /* 10image.jpg */ = {isa = PBXFileReference; lastKnownFileType = image.jpeg; path = 10image.jpg; sourceTree = "<group>"; };
		776BF22F1C4B993C0006C502 /* 8image.jpg */ = {isa = PBXFileReference; lastKnownFileType = image.jpeg; path = 8image.jpg; sourceTree = "<group>"; };
		776BF23C1C4BB2510006C502 /* ViewControllerProductDetails.h */ = {isa = PBXFileReference; fileEncoding = 4; lastKnownFileType = sourcecode.c.h; path = ViewControllerProductDetails.h; sourceTree = "<group>"; };
		776BF23D1C4BB2510006C502 /* ViewControllerProductDetails.m */ = {isa = PBXFileReference; fileEncoding = 4; lastKnownFileType = sourcecode.c.objc; path = ViewControllerProductDetails.m; sourceTree = "<group>"; };
		77729FEC1C53B53F00BC7791 /* ic_order_edit.png */ = {isa = PBXFileReference; lastKnownFileType = image.png; path = ic_order_edit.png; sourceTree = "<group>"; };
		77729FEE1C53B94400BC7791 /* EditSizeViewController.h */ = {isa = PBXFileReference; fileEncoding = 4; lastKnownFileType = sourcecode.c.h; path = EditSizeViewController.h; sourceTree = "<group>"; };
		77729FEF1C53B94400BC7791 /* EditSizeViewController.m */ = {isa = PBXFileReference; fileEncoding = 4; lastKnownFileType = sourcecode.c.objc; path = EditSizeViewController.m; sourceTree = "<group>"; };
		77729FF21C53C52100BC7791 /* CustomerViewController.h */ = {isa = PBXFileReference; fileEncoding = 4; lastKnownFileType = sourcecode.c.h; path = CustomerViewController.h; sourceTree = "<group>"; };
		77729FF31C53C52100BC7791 /* CustomerViewController.m */ = {isa = PBXFileReference; fileEncoding = 4; lastKnownFileType = sourcecode.c.objc; path = CustomerViewController.m; sourceTree = "<group>"; };
		77729FF51C53C53900BC7791 /* ViewCustomer.h */ = {isa = PBXFileReference; fileEncoding = 4; lastKnownFileType = sourcecode.c.h; path = ViewCustomer.h; sourceTree = "<group>"; };
		77729FF61C53C53900BC7791 /* ViewCustomer.m */ = {isa = PBXFileReference; fileEncoding = 4; lastKnownFileType = sourcecode.c.objc; path = ViewCustomer.m; sourceTree = "<group>"; };
		77729FF81C53C7E700BC7791 /* ic_order_info.png */ = {isa = PBXFileReference; lastKnownFileType = image.png; path = ic_order_info.png; sourceTree = "<group>"; };
		77979C921C5CE76F0019A2EB /* LabelProductDetail.h */ = {isa = PBXFileReference; fileEncoding = 4; lastKnownFileType = sourcecode.c.h; path = LabelProductDetail.h; sourceTree = "<group>"; };
		77979C931C5CE76F0019A2EB /* LabelProductDetail.m */ = {isa = PBXFileReference; fileEncoding = 4; lastKnownFileType = sourcecode.c.objc; path = LabelProductDetail.m; sourceTree = "<group>"; };
		77BFECF21C4AC5E80091A336 /* Sadovod.app */ = {isa = PBXFileReference; explicitFileType = wrapper.application; includeInIndex = 0; path = Sadovod.app; sourceTree = BUILT_PRODUCTS_DIR; };
		77BFECF61C4AC5E80091A336 /* main.m */ = {isa = PBXFileReference; lastKnownFileType = sourcecode.c.objc; path = main.m; sourceTree = "<group>"; };
		77BFECF81C4AC5E80091A336 /* AppDelegate.h */ = {isa = PBXFileReference; lastKnownFileType = sourcecode.c.h; path = AppDelegate.h; sourceTree = "<group>"; };
		77BFECF91C4AC5E80091A336 /* AppDelegate.m */ = {isa = PBXFileReference; lastKnownFileType = sourcecode.c.objc; path = AppDelegate.m; sourceTree = "<group>"; };
		77BFECFB1C4AC5E80091A336 /* ViewController.h */ = {isa = PBXFileReference; lastKnownFileType = sourcecode.c.h; path = ViewController.h; sourceTree = "<group>"; };
		77BFECFC1C4AC5E80091A336 /* ViewController.m */ = {isa = PBXFileReference; lastKnownFileType = sourcecode.c.objc; path = ViewController.m; sourceTree = "<group>"; };
		77BFECFF1C4AC5E80091A336 /* Base */ = {isa = PBXFileReference; lastKnownFileType = file.storyboard; name = Base; path = Base.lproj/Main.storyboard; sourceTree = "<group>"; };
		77BFED011C4AC5E80091A336 /* Assets.xcassets */ = {isa = PBXFileReference; lastKnownFileType = folder.assetcatalog; path = Assets.xcassets; sourceTree = "<group>"; };
		77BFED041C4AC5E80091A336 /* Base */ = {isa = PBXFileReference; lastKnownFileType = file.storyboard; name = Base; path = Base.lproj/LaunchScreen.storyboard; sourceTree = "<group>"; };
		77BFED061C4AC5E80091A336 /* Info.plist */ = {isa = PBXFileReference; lastKnownFileType = text.plist.xml; path = Info.plist; sourceTree = "<group>"; };
		77BFED0B1C4AC5E90091A336 /* SadovodTests.xctest */ = {isa = PBXFileReference; explicitFileType = wrapper.cfbundle; includeInIndex = 0; path = SadovodTests.xctest; sourceTree = BUILT_PRODUCTS_DIR; };
		77BFED0F1C4AC5E90091A336 /* SadovodTests.m */ = {isa = PBXFileReference; lastKnownFileType = sourcecode.c.objc; path = SadovodTests.m; sourceTree = "<group>"; };
		77BFED111C4AC5E90091A336 /* Info.plist */ = {isa = PBXFileReference; lastKnownFileType = text.plist.xml; path = Info.plist; sourceTree = "<group>"; };
		77BFED161C4AC5E90091A336 /* SadovodUITests.xctest */ = {isa = PBXFileReference; explicitFileType = wrapper.cfbundle; includeInIndex = 0; path = SadovodUITests.xctest; sourceTree = BUILT_PRODUCTS_DIR; };
		77BFED1A1C4AC5E90091A336 /* SadovodUITests.m */ = {isa = PBXFileReference; lastKnownFileType = sourcecode.c.objc; path = SadovodUITests.m; sourceTree = "<group>"; };
		77BFED1C1C4AC5E90091A336 /* Info.plist */ = {isa = PBXFileReference; lastKnownFileType = text.plist.xml; path = Info.plist; sourceTree = "<group>"; };
		77BFED291C4AC9F10091A336 /* SWRevealViewController.h */ = {isa = PBXFileReference; fileEncoding = 4; lastKnownFileType = sourcecode.c.h; path = SWRevealViewController.h; sourceTree = "<group>"; };
		77BFED2A1C4AC9F10091A336 /* SWRevealViewController.m */ = {isa = PBXFileReference; fileEncoding = 4; lastKnownFileType = sourcecode.c.objc; path = SWRevealViewController.m; sourceTree = "<group>"; };
		77BFED2C1C4ACF900091A336 /* UserMenuViewController.h */ = {isa = PBXFileReference; fileEncoding = 4; lastKnownFileType = sourcecode.c.h; path = UserMenuViewController.h; sourceTree = "<group>"; };
		77BFED2D1C4ACF900091A336 /* UserMenuViewController.m */ = {isa = PBXFileReference; fileEncoding = 4; lastKnownFileType = sourcecode.c.objc; path = UserMenuViewController.m; sourceTree = "<group>"; };
		77CB380D1C5B5C4D00C3D695 /* ic_more.png */ = {isa = PBXFileReference; lastKnownFileType = image.png; path = ic_more.png; sourceTree = "<group>"; };
		77CB38101C5B60DB00C3D695 /* Animation.h */ = {isa = PBXFileReference; fileEncoding = 4; lastKnownFileType = sourcecode.c.h; path = Animation.h; sourceTree = "<group>"; };
		77CB38111C5B60DB00C3D695 /* Animation.m */ = {isa = PBXFileReference; fileEncoding = 4; lastKnownFileType = sourcecode.c.objc; path = Animation.m; sourceTree = "<group>"; };
		77CB38131C5BABB200C3D695 /* ic_cart_grey.png */ = {isa = PBXFileReference; lastKnownFileType = image.png; path = ic_cart_grey.png; sourceTree = "<group>"; };
		77CCE9101C58FCCE00D710D1 /* imagesave.png */ = {isa = PBXFileReference; lastKnownFileType = image.png; path = imagesave.png; sourceTree = "<group>"; };
		77CCE9121C58FEB900D710D1 /* backImage.png */ = {isa = PBXFileReference; lastKnownFileType = image.png; path = backImage.png; sourceTree = "<group>"; };
		77CE81921C4AF296003C7FFE /* ModelMyShowcase.h */ = {isa = PBXFileReference; fileEncoding = 4; lastKnownFileType = sourcecode.c.h; path = ModelMyShowcase.h; sourceTree = "<group>"; };
		77CE81931C4AF296003C7FFE /* ModelMyShowcase.m */ = {isa = PBXFileReference; fileEncoding = 4; lastKnownFileType = sourcecode.c.objc; path = ModelMyShowcase.m; sourceTree = "<group>"; };
		77CE81981C4AFC44003C7FFE /* LabelViewMyShowcase.h */ = {isa = PBXFileReference; fileEncoding = 4; lastKnownFileType = sourcecode.c.h; path = LabelViewMyShowcase.h; sourceTree = "<group>"; };
		77CE81991C4AFC44003C7FFE /* LabelViewMyShowcase.m */ = {isa = PBXFileReference; fileEncoding = 4; lastKnownFileType = sourcecode.c.objc; path = LabelViewMyShowcase.m; sourceTree = "<group>"; };
		77D9D4FA1C4CE9AB003C3610 /* UIColor+HexColor.h */ = {isa = PBXFileReference; fileEncoding = 4; lastKnownFileType = sourcecode.c.h; path = "UIColor+HexColor.h"; sourceTree = "<group>"; };
		77D9D4FB1C4CE9AB003C3610 /* UIColor+HexColor.m */ = {isa = PBXFileReference; fileEncoding = 4; lastKnownFileType = sourcecode.c.objc; path = "UIColor+HexColor.m"; sourceTree = "<group>"; };
		77D9D4FD1C4CEBD1003C3610 /* LognViewController.h */ = {isa = PBXFileReference; fileEncoding = 4; lastKnownFileType = sourcecode.c.h; path = LognViewController.h; sourceTree = "<group>"; };
		77D9D4FE1C4CEBD1003C3610 /* LognViewController.m */ = {isa = PBXFileReference; fileEncoding = 4; lastKnownFileType = sourcecode.c.objc; path = LognViewController.m; sourceTree = "<group>"; };
		77D9D5011C4CEC30003C3610 /* LoginTextField.h */ = {isa = PBXFileReference; fileEncoding = 4; lastKnownFileType = sourcecode.c.h; path = LoginTextField.h; sourceTree = "<group>"; };
		77D9D5021C4CEC30003C3610 /* LoginTextField.m */ = {isa = PBXFileReference; fileEncoding = 4; lastKnownFileType = sourcecode.c.objc; path = LoginTextField.m; sourceTree = "<group>"; };
		77E577281C60D100000F0C44 /* UIBarButtonItem+Alpha.h */ = {isa = PBXFileReference; fileEncoding = 4; lastKnownFileType = sourcecode.c.h; path = "UIBarButtonItem+Alpha.h"; sourceTree = "<group>"; };
		77E577291C60D100000F0C44 /* UIBarButtonItem+Alpha.m */ = {isa = PBXFileReference; fileEncoding = 4; lastKnownFileType = sourcecode.c.objc; path = "UIBarButtonItem+Alpha.m"; sourceTree = "<group>"; };
		77E6DAB81C59FEB300FD1029 /* BasketViewController.h */ = {isa = PBXFileReference; fileEncoding = 4; lastKnownFileType = sourcecode.c.h; path = BasketViewController.h; sourceTree = "<group>"; };
		77E6DAB91C59FEB300FD1029 /* BasketViewController.m */ = {isa = PBXFileReference; fileEncoding = 4; lastKnownFileType = sourcecode.c.objc; path = BasketViewController.m; sourceTree = "<group>"; };
		77E6DABF1C5A0FD400FD1029 /* IssueViewController.h */ = {isa = PBXFileReference; fileEncoding = 4; lastKnownFileType = sourcecode.c.h; path = IssueViewController.h; sourceTree = "<group>"; };
		77E6DAC01C5A0FD400FD1029 /* IssueViewController.m */ = {isa = PBXFileReference; fileEncoding = 4; lastKnownFileType = sourcecode.c.objc; path = IssueViewController.m; sourceTree = "<group>"; };
		77E6DAC21C5A1AF600FD1029 /* DecorView.h */ = {isa = PBXFileReference; fileEncoding = 4; lastKnownFileType = sourcecode.c.h; path = DecorView.h; sourceTree = "<group>"; };
		77E6DAC31C5A1AF600FD1029 /* DecorView.m */ = {isa = PBXFileReference; fileEncoding = 4; lastKnownFileType = sourcecode.c.objc; path = DecorView.m; sourceTree = "<group>"; };
		77E6DAC51C5A4FA700FD1029 /* ic_delete.png */ = {isa = PBXFileReference; lastKnownFileType = image.png; path = ic_delete.png; sourceTree = "<group>"; };
		77E801A71C5261BD00091F9A /* OrderViewController.h */ = {isa = PBXFileReference; fileEncoding = 4; lastKnownFileType = sourcecode.c.h; path = OrderViewController.h; sourceTree = "<group>"; };
		77E801A81C5261BD00091F9A /* OrderViewController.m */ = {isa = PBXFileReference; fileEncoding = 4; lastKnownFileType = sourcecode.c.objc; path = OrderViewController.m; sourceTree = "<group>"; };
		77E801AA1C5261D900091F9A /* OrderViewDetails.h */ = {isa = PBXFileReference; fileEncoding = 4; lastKnownFileType = sourcecode.c.h; path = OrderViewDetails.h; sourceTree = "<group>"; };
		77E801AB1C5261D900091F9A /* OrderViewDetails.m */ = {isa = PBXFileReference; fileEncoding = 4; lastKnownFileType = sourcecode.c.objc; path = OrderViewDetails.m; sourceTree = "<group>"; };
		77FC43C71C4FFC0B00F750A1 /* GuestPasswordViewController.h */ = {isa = PBXFileReference; fileEncoding = 4; lastKnownFileType = sourcecode.c.h; path = GuestPasswordViewController.h; sourceTree = "<group>"; };
		77FC43C81C4FFC0B00F750A1 /* GuestPasswordViewController.m */ = {isa = PBXFileReference; fileEncoding = 4; lastKnownFileType = sourcecode.c.objc; path = GuestPasswordViewController.m; sourceTree = "<group>"; };
		87269916B8AC7706E07A131E /* Pods-Sadovod.release.xcconfig */ = {isa = PBXFileReference; includeInIndex = 1; lastKnownFileType = text.xcconfig; name = "Pods-Sadovod.release.xcconfig"; path = "Pods/Target Support Files/Pods-Sadovod/Pods-Sadovod.release.xcconfig"; sourceTree = "<group>"; };
		AD379B8F1C50EC9A005DDDAC /* ParserProduct.h */ = {isa = PBXFileReference; fileEncoding = 4; lastKnownFileType = sourcecode.c.h; path = ParserProduct.h; sourceTree = "<group>"; };
		AD379B901C50EC9A005DDDAC /* ParserProduct.m */ = {isa = PBXFileReference; fileEncoding = 4; lastKnownFileType = sourcecode.c.objc; path = ParserProduct.m; sourceTree = "<group>"; };
		AD379B921C50ECA4005DDDAC /* ParserProductResponse.h */ = {isa = PBXFileReference; fileEncoding = 4; lastKnownFileType = sourcecode.c.h; path = ParserProductResponse.h; sourceTree = "<group>"; };
		AD379B931C50ECA4005DDDAC /* ParserProductResponse.m */ = {isa = PBXFileReference; fileEncoding = 4; lastKnownFileType = sourcecode.c.objc; path = ParserProductResponse.m; sourceTree = "<group>"; };
		AD379BB01C555B0C005DDDAC /* ParserOrder.h */ = {isa = PBXFileReference; fileEncoding = 4; lastKnownFileType = sourcecode.c.h; path = ParserOrder.h; sourceTree = "<group>"; };
		AD379BB11C555B0C005DDDAC /* ParserOrder.m */ = {isa = PBXFileReference; fileEncoding = 4; lastKnownFileType = sourcecode.c.objc; path = ParserOrder.m; sourceTree = "<group>"; };
		AD379BB31C555B1C005DDDAC /* ParserOrderResponse.h */ = {isa = PBXFileReference; fileEncoding = 4; lastKnownFileType = sourcecode.c.h; path = ParserOrderResponse.h; sourceTree = "<group>"; };
		AD379BB41C555B1C005DDDAC /* ParserOrderResponse.m */ = {isa = PBXFileReference; fileEncoding = 4; lastKnownFileType = sourcecode.c.objc; path = ParserOrderResponse.m; sourceTree = "<group>"; };
		AD379BB61C5560FE005DDDAC /* ParserOrderClientInfo.h */ = {isa = PBXFileReference; fileEncoding = 4; lastKnownFileType = sourcecode.c.h; path = ParserOrderClientInfo.h; sourceTree = "<group>"; };
		AD379BB71C5560FE005DDDAC /* ParserOrderClientInfo.m */ = {isa = PBXFileReference; fileEncoding = 4; lastKnownFileType = sourcecode.c.objc; path = ParserOrderClientInfo.m; sourceTree = "<group>"; };
		AD379BB91C556108005DDDAC /* ParserOrderClientInfoResponse.h */ = {isa = PBXFileReference; fileEncoding = 4; lastKnownFileType = sourcecode.c.h; path = ParserOrderClientInfoResponse.h; sourceTree = "<group>"; };
		AD379BBA1C556108005DDDAC /* ParserOrderClientInfoResponse.m */ = {isa = PBXFileReference; fileEncoding = 4; lastKnownFileType = sourcecode.c.objc; path = ParserOrderClientInfoResponse.m; sourceTree = "<group>"; };
		AD379BBC1C561F16005DDDAC /* ParserProductSize.h */ = {isa = PBXFileReference; fileEncoding = 4; lastKnownFileType = sourcecode.c.h; path = ParserProductSize.h; sourceTree = "<group>"; };
		AD379BBD1C561F16005DDDAC /* ParserProductSize.m */ = {isa = PBXFileReference; fileEncoding = 4; lastKnownFileType = sourcecode.c.objc; path = ParserProductSize.m; sourceTree = "<group>"; };
		AD379BBF1C561F22005DDDAC /* ParserProductSizeResponse.h */ = {isa = PBXFileReference; fileEncoding = 4; lastKnownFileType = sourcecode.c.h; path = ParserProductSizeResponse.h; sourceTree = "<group>"; };
		AD379BC01C561F22005DDDAC /* ParserProductSizeResponse.m */ = {isa = PBXFileReference; fileEncoding = 4; lastKnownFileType = sourcecode.c.objc; path = ParserProductSizeResponse.m; sourceTree = "<group>"; };
		AD69E5CC1C4E7C4400DF6151 /* ParserCategory.h */ = {isa = PBXFileReference; fileEncoding = 4; lastKnownFileType = sourcecode.c.h; path = ParserCategory.h; sourceTree = "<group>"; };
		AD69E5CD1C4E7C4400DF6151 /* ParserCategory.m */ = {isa = PBXFileReference; fileEncoding = 4; lastKnownFileType = sourcecode.c.objc; path = ParserCategory.m; sourceTree = "<group>"; };
		AD69E5CF1C4E7C9F00DF6151 /* ParserCategoryResponse.h */ = {isa = PBXFileReference; fileEncoding = 4; lastKnownFileType = sourcecode.c.h; path = ParserCategoryResponse.h; sourceTree = "<group>"; };
		AD69E5D01C4E7C9F00DF6151 /* ParserCategoryResponse.m */ = {isa = PBXFileReference; fileEncoding = 4; lastKnownFileType = sourcecode.c.objc; path = ParserCategoryResponse.m; sourceTree = "<group>"; };
		AD69E5D21C4E974300DF6151 /* MyShowcaseViewController.h */ = {isa = PBXFileReference; fileEncoding = 4; lastKnownFileType = sourcecode.c.h; path = MyShowcaseViewController.h; sourceTree = "<group>"; };
		AD69E5D31C4E974300DF6151 /* MyShowcaseViewController.m */ = {isa = PBXFileReference; fileEncoding = 4; lastKnownFileType = sourcecode.c.objc; path = MyShowcaseViewController.m; sourceTree = "<group>"; };
		AD69E5D81C4EE6B800DF6151 /* UIImage+Alpha.h */ = {isa = PBXFileReference; fileEncoding = 4; lastKnownFileType = sourcecode.c.h; path = "UIImage+Alpha.h"; sourceTree = "<group>"; };
		AD69E5D91C4EE6B800DF6151 /* UIImage+Alpha.m */ = {isa = PBXFileReference; fileEncoding = 4; lastKnownFileType = sourcecode.c.objc; path = "UIImage+Alpha.m"; sourceTree = "<group>"; };
		AD69E5DA1C4EE6B800DF6151 /* UIImage+Blured_And_SnapShot_Image.h */ = {isa = PBXFileReference; fileEncoding = 4; lastKnownFileType = sourcecode.c.h; path = "UIImage+Blured_And_SnapShot_Image.h"; sourceTree = "<group>"; };
		AD69E5DB1C4EE6B800DF6151 /* UIImage+Blured_And_SnapShot_Image.m */ = {isa = PBXFileReference; fileEncoding = 4; lastKnownFileType = sourcecode.c.objc; path = "UIImage+Blured_And_SnapShot_Image.m"; sourceTree = "<group>"; };
		AD69E5DC1C4EE6B800DF6151 /* UIImage+ImageEffects.h */ = {isa = PBXFileReference; fileEncoding = 4; lastKnownFileType = sourcecode.c.h; path = "UIImage+ImageEffects.h"; sourceTree = "<group>"; };
		AD69E5DD1C4EE6B800DF6151 /* UIImage+ImageEffects.m */ = {isa = PBXFileReference; fileEncoding = 4; lastKnownFileType = sourcecode.c.objc; path = "UIImage+ImageEffects.m"; sourceTree = "<group>"; };
		AD69E5DE1C4EE6B800DF6151 /* UIImage+Resize.h */ = {isa = PBXFileReference; fileEncoding = 4; lastKnownFileType = sourcecode.c.h; path = "UIImage+Resize.h"; sourceTree = "<group>"; };
		AD69E5DF1C4EE6B800DF6151 /* UIImage+Resize.m */ = {isa = PBXFileReference; fileEncoding = 4; lastKnownFileType = sourcecode.c.objc; path = "UIImage+Resize.m"; sourceTree = "<group>"; };
		AD69E5E01C4EE6B800DF6151 /* UIImage+RoundedCorner.h */ = {isa = PBXFileReference; fileEncoding = 4; lastKnownFileType = sourcecode.c.h; path = "UIImage+RoundedCorner.h"; sourceTree = "<group>"; };
		AD69E5E11C4EE6B800DF6151 /* UIImage+RoundedCorner.m */ = {isa = PBXFileReference; fileEncoding = 4; lastKnownFileType = sourcecode.c.objc; path = "UIImage+RoundedCorner.m"; sourceTree = "<group>"; };
		AD69E5E71C4EE75D00DF6151 /* TextAndImageHeight.h */ = {isa = PBXFileReference; fileEncoding = 4; lastKnownFileType = sourcecode.c.h; path = TextAndImageHeight.h; sourceTree = "<group>"; };
		AD69E5E81C4EE75D00DF6151 /* TextAndImageHeight.m */ = {isa = PBXFileReference; fileEncoding = 4; lastKnownFileType = sourcecode.c.objc; path = TextAndImageHeight.m; sourceTree = "<group>"; };
		AD69E5EA1C501CE000DF6151 /* ParserGuestPassword.h */ = {isa = PBXFileReference; fileEncoding = 4; lastKnownFileType = sourcecode.c.h; path = ParserGuestPassword.h; sourceTree = "<group>"; };
		AD69E5EB1C501CE000DF6151 /* ParserGuestPassword.m */ = {isa = PBXFileReference; fileEncoding = 4; lastKnownFileType = sourcecode.c.objc; path = ParserGuestPassword.m; sourceTree = "<group>"; };
		AD69E5ED1C501CF600DF6151 /* ParserGuestPasswordResponse.h */ = {isa = PBXFileReference; fileEncoding = 4; lastKnownFileType = sourcecode.c.h; path = ParserGuestPasswordResponse.h; sourceTree = "<group>"; };
		AD69E5EE1C501CF600DF6151 /* ParserGuestPasswordResponse.m */ = {isa = PBXFileReference; fileEncoding = 4; lastKnownFileType = sourcecode.c.objc; path = ParserGuestPasswordResponse.m; sourceTree = "<group>"; };
		AD6F100D1C4D1C3A00FF70B3 /* UserModel.xcdatamodel */ = {isa = PBXFileReference; lastKnownFileType = wrapper.xcdatamodel; path = UserModel.xcdatamodel; sourceTree = "<group>"; };
		AD6F100F1C4D1C9F00FF70B3 /* Auth+CoreDataProperties.h */ = {isa = PBXFileReference; fileEncoding = 4; lastKnownFileType = sourcecode.c.h; name = "Auth+CoreDataProperties.h"; path = "../Auth+CoreDataProperties.h"; sourceTree = "<group>"; };
		AD6F10101C4D1C9F00FF70B3 /* Auth+CoreDataProperties.m */ = {isa = PBXFileReference; fileEncoding = 4; lastKnownFileType = sourcecode.c.objc; name = "Auth+CoreDataProperties.m"; path = "../Auth+CoreDataProperties.m"; sourceTree = "<group>"; };
		AD6F10111C4D1C9F00FF70B3 /* Auth.h */ = {isa = PBXFileReference; fileEncoding = 4; lastKnownFileType = sourcecode.c.h; name = Auth.h; path = ../Auth.h; sourceTree = "<group>"; };
		AD6F10121C4D1C9F00FF70B3 /* Auth.m */ = {isa = PBXFileReference; fileEncoding = 4; lastKnownFileType = sourcecode.c.objc; name = Auth.m; path = ../Auth.m; sourceTree = "<group>"; };
		AD6F10151C4D1CD600FF70B3 /* AuthDbClass.h */ = {isa = PBXFileReference; fileEncoding = 4; lastKnownFileType = sourcecode.c.h; path = AuthDbClass.h; sourceTree = "<group>"; };
		AD6F10161C4D1CD600FF70B3 /* AuthDbClass.m */ = {isa = PBXFileReference; fileEncoding = 4; lastKnownFileType = sourcecode.c.objc; path = AuthDbClass.m; sourceTree = "<group>"; };
		AD6F10181C4D1EF900FF70B3 /* ParserAuthKey.h */ = {isa = PBXFileReference; fileEncoding = 4; lastKnownFileType = sourcecode.c.h; path = ParserAuthKey.h; sourceTree = "<group>"; };
		AD6F10191C4D1EF900FF70B3 /* ParserAuthKey.m */ = {isa = PBXFileReference; fileEncoding = 4; lastKnownFileType = sourcecode.c.objc; path = ParserAuthKey.m; sourceTree = "<group>"; };
		AD6F101B1C4D1FB900FF70B3 /* ParserAuthResponse.h */ = {isa = PBXFileReference; fileEncoding = 4; lastKnownFileType = sourcecode.c.h; path = ParserAuthResponse.h; sourceTree = "<group>"; };
		AD6F101C1C4D1FB900FF70B3 /* ParserAuthResponse.m */ = {isa = PBXFileReference; fileEncoding = 4; lastKnownFileType = sourcecode.c.objc; path = ParserAuthResponse.m; sourceTree = "<group>"; };
		AD6F101E1C4D266300FF70B3 /* SingleTone.h */ = {isa = PBXFileReference; fileEncoding = 4; lastKnownFileType = sourcecode.c.h; path = SingleTone.h; sourceTree = "<group>"; };
		AD6F101F1C4D266300FF70B3 /* SingleTone.m */ = {isa = PBXFileReference; fileEncoding = 4; lastKnownFileType = sourcecode.c.objc; path = SingleTone.m; sourceTree = "<group>"; };
		AD6F10211C4D310900FF70B3 /* ParserLoginPassword.h */ = {isa = PBXFileReference; fileEncoding = 4; lastKnownFileType = sourcecode.c.h; path = ParserLoginPassword.h; sourceTree = "<group>"; };
		AD6F10221C4D310900FF70B3 /* ParserLoginPassword.m */ = {isa = PBXFileReference; fileEncoding = 4; lastKnownFileType = sourcecode.c.objc; path = ParserLoginPassword.m; sourceTree = "<group>"; };
		AD6F10241C4D701600FF70B3 /* ParserLoginPasswordResponse.h */ = {isa = PBXFileReference; fileEncoding = 4; lastKnownFileType = sourcecode.c.h; path = ParserLoginPasswordResponse.h; sourceTree = "<group>"; };
		AD6F10251C4D701600FF70B3 /* ParserLoginPasswordResponse.m */ = {isa = PBXFileReference; fileEncoding = 4; lastKnownFileType = sourcecode.c.objc; path = ParserLoginPasswordResponse.m; sourceTree = "<group>"; };
		ADB6218B1C5A60B70041BE2F /* ParserBuyProductInfo.h */ = {isa = PBXFileReference; fileEncoding = 4; lastKnownFileType = sourcecode.c.h; path = ParserBuyProductInfo.h; sourceTree = "<group>"; };
		ADB6218C1C5A60B70041BE2F /* ParserBuyProductInfo.m */ = {isa = PBXFileReference; fileEncoding = 4; lastKnownFileType = sourcecode.c.objc; path = ParserBuyProductInfo.m; sourceTree = "<group>"; };
		ADB6218E1C5A60DC0041BE2F /* ParserBuyProductInfoResponse.h */ = {isa = PBXFileReference; fileEncoding = 4; lastKnownFileType = sourcecode.c.h; path = ParserBuyProductInfoResponse.h; sourceTree = "<group>"; };
		ADB6218F1C5A60DC0041BE2F /* ParserBuyProductInfoResponse.m */ = {isa = PBXFileReference; fileEncoding = 4; lastKnownFileType = sourcecode.c.objc; path = ParserBuyProductInfoResponse.m; sourceTree = "<group>"; };
		ADB621911C5BD8480041BE2F /* CartUpdaterClass.h */ = {isa = PBXFileReference; fileEncoding = 4; lastKnownFileType = sourcecode.c.h; path = CartUpdaterClass.h; sourceTree = "<group>"; };
		ADB621921C5BD8480041BE2F /* CartUpdaterClass.m */ = {isa = PBXFileReference; fileEncoding = 4; lastKnownFileType = sourcecode.c.objc; path = CartUpdaterClass.m; sourceTree = "<group>"; };
		ADB621941C5BDCFB0041BE2F /* ParserSimpleCart.h */ = {isa = PBXFileReference; fileEncoding = 4; lastKnownFileType = sourcecode.c.h; path = ParserSimpleCart.h; sourceTree = "<group>"; };
		ADB621951C5BDCFB0041BE2F /* ParserSimpleCart.m */ = {isa = PBXFileReference; fileEncoding = 4; lastKnownFileType = sourcecode.c.objc; path = ParserSimpleCart.m; sourceTree = "<group>"; };
		ADB621971C5BDD0B0041BE2F /* ParserSimpleCartResponse.h */ = {isa = PBXFileReference; fileEncoding = 4; lastKnownFileType = sourcecode.c.h; path = ParserSimpleCartResponse.h; sourceTree = "<group>"; };
		ADB621981C5BDD0B0041BE2F /* ParserSimpleCartResponse.m */ = {isa = PBXFileReference; fileEncoding = 4; lastKnownFileType = sourcecode.c.objc; path = ParserSimpleCartResponse.m; sourceTree = "<group>"; };
		ADB6219A1C5CF2DD0041BE2F /* ParserFullCart.h */ = {isa = PBXFileReference; fileEncoding = 4; lastKnownFileType = sourcecode.c.h; path = ParserFullCart.h; sourceTree = "<group>"; };
		ADB6219B1C5CF2DD0041BE2F /* ParserFullCart.m */ = {isa = PBXFileReference; fileEncoding = 4; lastKnownFileType = sourcecode.c.objc; path = ParserFullCart.m; sourceTree = "<group>"; };
		ADB6219D1C5CF2EB0041BE2F /* ParserFullCartResponse.h */ = {isa = PBXFileReference; fileEncoding = 4; lastKnownFileType = sourcecode.c.h; path = ParserFullCartResponse.h; sourceTree = "<group>"; };
		ADB6219E1C5CF2EB0041BE2F /* ParserFullCartResponse.m */ = {isa = PBXFileReference; fileEncoding = 4; lastKnownFileType = sourcecode.c.objc; path = ParserFullCartResponse.m; sourceTree = "<group>"; };
		ADFBF57D1C4C47FD007E080D /* APIGetClass.h */ = {isa = PBXFileReference; fileEncoding = 4; lastKnownFileType = sourcecode.c.h; path = APIGetClass.h; sourceTree = "<group>"; };
		ADFBF57E1C4C47FE007E080D /* APIGetClass.m */ = {isa = PBXFileReference; fileEncoding = 4; lastKnownFileType = sourcecode.c.objc; path = APIGetClass.m; sourceTree = "<group>"; };
		ADFBF5801C4C496B007E080D /* APIPostClass.h */ = {isa = PBXFileReference; fileEncoding = 4; lastKnownFileType = sourcecode.c.h; path = APIPostClass.h; sourceTree = "<group>"; };
		ADFBF5811C4C496B007E080D /* APIPostClass.m */ = {isa = PBXFileReference; fileEncoding = 4; lastKnownFileType = sourcecode.c.objc; path = APIPostClass.m; sourceTree = "<group>"; };
		ADFBF5841C4C4B35007E080D /* AlertClass.h */ = {isa = PBXFileReference; fileEncoding = 4; lastKnownFileType = sourcecode.c.h; path = AlertClass.h; sourceTree = "<group>"; };
		ADFBF5851C4C4B35007E080D /* AlertClass.m */ = {isa = PBXFileReference; fileEncoding = 4; lastKnownFileType = sourcecode.c.objc; path = AlertClass.m; sourceTree = "<group>"; };
		ADFBF58A1C4C5F16007E080D /* menu.png */ = {isa = PBXFileReference; lastKnownFileType = image.png; path = menu.png; sourceTree = "<group>"; };
		C29A1CA412141FC74A35B3D2 /* Pods-Sadovod.debug.xcconfig */ = {isa = PBXFileReference; includeInIndex = 1; lastKnownFileType = text.xcconfig; name = "Pods-Sadovod.debug.xcconfig"; path = "Pods/Target Support Files/Pods-Sadovod/Pods-Sadovod.debug.xcconfig"; sourceTree = "<group>"; };
		DB0C66A742FF03CE239AEFEF /* libPods-Sadovod.a */ = {isa = PBXFileReference; explicitFileType = archive.ar; includeInIndex = 0; path = "libPods-Sadovod.a"; sourceTree = BUILT_PRODUCTS_DIR; };
/* End PBXFileReference section */

/* Begin PBXFrameworksBuildPhase section */
		77BFECEF1C4AC5E80091A336 /* Frameworks */ = {
			isa = PBXFrameworksBuildPhase;
			buildActionMask = 2147483647;
			files = (
				699EBCA81799B1C85B4EFAF6 /* libPods-Sadovod.a in Frameworks */,
			);
			runOnlyForDeploymentPostprocessing = 0;
		};
		77BFED081C4AC5E90091A336 /* Frameworks */ = {
			isa = PBXFrameworksBuildPhase;
			buildActionMask = 2147483647;
			files = (
			);
			runOnlyForDeploymentPostprocessing = 0;
		};
		77BFED131C4AC5E90091A336 /* Frameworks */ = {
			isa = PBXFrameworksBuildPhase;
			buildActionMask = 2147483647;
			files = (
			);
			runOnlyForDeploymentPostprocessing = 0;
		};
/* End PBXFrameworksBuildPhase section */

/* Begin PBXGroup section */
		4FD1DE5841C57B73D6E99CCC /* Frameworks */ = {
			isa = PBXGroup;
			children = (
				DB0C66A742FF03CE239AEFEF /* libPods-Sadovod.a */,
			);
			name = Frameworks;
			sourceTree = "<group>";
		};
		775B79C51C50CF9D0036ABCE /* Orders */ = {
			isa = PBXGroup;
			children = (
				ADFBF5871C4C5A5F007E080D /* Icons */,
				775B79C61C50CFB60036ABCE /* OrdersViewController.h */,
				775B79C71C50CFB60036ABCE /* OrdersViewController.m */,
			);
			name = Orders;
			sourceTree = "<group>";
		};
		776BF21A1C4B898A0006C502 /* SectionTableMyShowcase */ = {
			isa = PBXGroup;
			children = (
				776BF21B1C4B8A4C0006C502 /* SectionTableViewController.h */,
				776BF21C1C4B8A4C0006C502 /* SectionTableViewController.m */,
				776BF21E1C4B92780006C502 /* ViewSectionTable.h */,
				776BF21F1C4B92780006C502 /* ViewSectionTable.m */,
				776BF2211C4B95B80006C502 /* ModelSectionTableOwner.h */,
				776BF2221C4B95B80006C502 /* ModelSectionTableOwner.m */,
			);
			name = SectionTableMyShowcase;
			sourceTree = "<group>";
		};
		776BF2241C4B98600006C502 /* testImage */ = {
			isa = PBXGroup;
			children = (
				776BF2261C4B993C0006C502 /* 1image.jpg */,
				776BF2291C4B993C0006C502 /* 2image.jpg */,
				776BF2251C4B993C0006C502 /* 3image.jpg */,
				776BF22C1C4B993C0006C502 /* 4image.png */,
				776BF2271C4B993C0006C502 /* 5image.jpg */,
				776BF22A1C4B993C0006C502 /* 6image.jpg */,
				776BF22B1C4B993C0006C502 /* 7image.jpg */,
				776BF22F1C4B993C0006C502 /* 8image.jpg */,
				776BF22D1C4B993C0006C502 /* 9image.jpg */,
				776BF22E1C4B993C0006C502 /* 10image.jpg */,
				776BF2281C4B993C0006C502 /* 11image.jpg */,
			);
			name = testImage;
			sourceTree = "<group>";
		};
		776BF23B1C4BB1FF0006C502 /* ProductDetails */ = {
			isa = PBXGroup;
			children = (
				776BF23C1C4BB2510006C502 /* ViewControllerProductDetails.h */,
				776BF23D1C4BB2510006C502 /* ViewControllerProductDetails.m */,
				7767156B1C4FC4A70008DC24 /* ViewProductDetails.h */,
				7767156C1C4FC4A70008DC24 /* ViewProductDetails.m */,
				77729FEE1C53B94400BC7791 /* EditSizeViewController.h */,
				77729FEF1C53B94400BC7791 /* EditSizeViewController.m */,
				77979C921C5CE76F0019A2EB /* LabelProductDetail.h */,
				77979C931C5CE76F0019A2EB /* LabelProductDetail.m */,
			);
			name = ProductDetails;
			sourceTree = "<group>";
		};
		77729FF11C53C4FD00BC7791 /* Customer */ = {
			isa = PBXGroup;
			children = (
				77729FF21C53C52100BC7791 /* CustomerViewController.h */,
				77729FF31C53C52100BC7791 /* CustomerViewController.m */,
				77729FF51C53C53900BC7791 /* ViewCustomer.h */,
				77729FF61C53C53900BC7791 /* ViewCustomer.m */,
			);
			name = Customer;
			sourceTree = "<group>";
		};
		77BFECE91C4AC5E80091A336 = {
			isa = PBXGroup;
			children = (
				77BFECF41C4AC5E80091A336 /* Sadovod */,
				77BFED0E1C4AC5E90091A336 /* SadovodTests */,
				77BFED191C4AC5E90091A336 /* SadovodUITests */,
				77BFECF31C4AC5E80091A336 /* Products */,
				D7172946F471A31E3679FAD2 /* Pods */,
				4FD1DE5841C57B73D6E99CCC /* Frameworks */,
			);
			sourceTree = "<group>";
		};
		77BFECF31C4AC5E80091A336 /* Products */ = {
			isa = PBXGroup;
			children = (
				77BFECF21C4AC5E80091A336 /* Sadovod.app */,
				77BFED0B1C4AC5E90091A336 /* SadovodTests.xctest */,
				77BFED161C4AC5E90091A336 /* SadovodUITests.xctest */,
			);
			name = Products;
			sourceTree = "<group>";
		};
		77BFECF41C4AC5E80091A336 /* Sadovod */ = {
			isa = PBXGroup;
			children = (
				77CB380F1C5B60C200C3D695 /* Animation */,
				77D9D5001C4CEBDC003C3610 /* Login */,
				77D9D4F91C4CE993003C3610 /* Category */,
				ADFBF57C1C4C47E6007E080D /* API */,
				ADFBF5831C4C4A0E007E080D /* CoreData */,
				776BF2241C4B98600006C502 /* testImage */,
				77E6DAB61C59FE6500FD1029 /* Сlient */,
				77BFED2F1C4ADF7A0091A336 /* Owner */,
				77BFECF81C4AC5E80091A336 /* AppDelegate.h */,
				77BFECF91C4AC5E80091A336 /* AppDelegate.m */,
				77BFECFB1C4AC5E80091A336 /* ViewController.h */,
				77BFECFC1C4AC5E80091A336 /* ViewController.m */,
				ADFBF5841C4C4B35007E080D /* AlertClass.h */,
				ADFBF5851C4C4B35007E080D /* AlertClass.m */,
				AD6F101E1C4D266300FF70B3 /* SingleTone.h */,
				AD6F101F1C4D266300FF70B3 /* SingleTone.m */,
				ADB621911C5BD8480041BE2F /* CartUpdaterClass.h */,
				ADB621921C5BD8480041BE2F /* CartUpdaterClass.m */,
				77BFECFE1C4AC5E80091A336 /* Main.storyboard */,
				77BFED011C4AC5E80091A336 /* Assets.xcassets */,
				77BFED031C4AC5E80091A336 /* LaunchScreen.storyboard */,
				77BFED061C4AC5E80091A336 /* Info.plist */,
				77BFECF51C4AC5E80091A336 /* Supporting Files */,
				AD6F100C1C4D1C3A00FF70B3 /* UserModel.xcdatamodeld */,
				776715681C4FA8230008DC24 /* TitleClass.h */,
				776715691C4FA8230008DC24 /* TitleClass.m */,
				775B79C91C51168A0036ABCE /* TextViewHeight.h */,
				775B79CA1C51168B0036ABCE /* TextViewHeight.m */,
			);
			path = Sadovod;
			sourceTree = "<group>";
		};
		77BFECF51C4AC5E80091A336 /* Supporting Files */ = {
			isa = PBXGroup;
			children = (
				77BFECF61C4AC5E80091A336 /* main.m */,
			);
			name = "Supporting Files";
			sourceTree = "<group>";
		};
		77BFED0E1C4AC5E90091A336 /* SadovodTests */ = {
			isa = PBXGroup;
			children = (
				77BFED0F1C4AC5E90091A336 /* SadovodTests.m */,
				77BFED111C4AC5E90091A336 /* Info.plist */,
			);
			path = SadovodTests;
			sourceTree = "<group>";
		};
		77BFED191C4AC5E90091A336 /* SadovodUITests */ = {
			isa = PBXGroup;
			children = (
				77BFED1A1C4AC5E90091A336 /* SadovodUITests.m */,
				77BFED1C1C4AC5E90091A336 /* Info.plist */,
			);
			path = SadovodUITests;
			sourceTree = "<group>";
		};
		77BFED281C4AC9CE0091A336 /* RevealMenu */ = {
			isa = PBXGroup;
			children = (
				77BFED2C1C4ACF900091A336 /* UserMenuViewController.h */,
				77BFED2D1C4ACF900091A336 /* UserMenuViewController.m */,
				77BFED291C4AC9F10091A336 /* SWRevealViewController.h */,
				77BFED2A1C4AC9F10091A336 /* SWRevealViewController.m */,
			);
			name = RevealMenu;
			sourceTree = "<group>";
		};
		77BFED2F1C4ADF7A0091A336 /* Owner */ = {
			isa = PBXGroup;
			children = (
				77729FF11C53C4FD00BC7791 /* Customer */,
				77E801A61C52619500091F9A /* ViewOrder */,
				775B79C51C50CF9D0036ABCE /* Orders */,
				77FC43C61C4FFBC700F750A1 /* GuestPassword */,
				776BF23B1C4BB1FF0006C502 /* ProductDetails */,
				776BF21A1C4B898A0006C502 /* SectionTableMyShowcase */,
				77CE81911C4AEAF8003C7FFE /* MyShowcase */,
				77BFED281C4AC9CE0091A336 /* RevealMenu */,
			);
			name = Owner;
			sourceTree = "<group>";
		};
		77CB380F1C5B60C200C3D695 /* Animation */ = {
			isa = PBXGroup;
			children = (
				77CB38101C5B60DB00C3D695 /* Animation.h */,
				77CB38111C5B60DB00C3D695 /* Animation.m */,
			);
			name = Animation;
			sourceTree = "<group>";
		};
		77CE81911C4AEAF8003C7FFE /* MyShowcase */ = {
			isa = PBXGroup;
			children = (
				77CE81921C4AF296003C7FFE /* ModelMyShowcase.h */,
				77CE81931C4AF296003C7FFE /* ModelMyShowcase.m */,
				77CE81981C4AFC44003C7FFE /* LabelViewMyShowcase.h */,
				77CE81991C4AFC44003C7FFE /* LabelViewMyShowcase.m */,
				AD69E5D21C4E974300DF6151 /* MyShowcaseViewController.h */,
				AD69E5D31C4E974300DF6151 /* MyShowcaseViewController.m */,
			);
			name = MyShowcase;
			sourceTree = "<group>";
		};
		77D9D4F91C4CE993003C3610 /* Category */ = {
			isa = PBXGroup;
			children = (
				77E577281C60D100000F0C44 /* UIBarButtonItem+Alpha.h */,
				77E577291C60D100000F0C44 /* UIBarButtonItem+Alpha.m */,
				AD69E5E71C4EE75D00DF6151 /* TextAndImageHeight.h */,
				AD69E5E81C4EE75D00DF6151 /* TextAndImageHeight.m */,
				AD69E5D81C4EE6B800DF6151 /* UIImage+Alpha.h */,
				AD69E5D91C4EE6B800DF6151 /* UIImage+Alpha.m */,
				AD69E5DA1C4EE6B800DF6151 /* UIImage+Blured_And_SnapShot_Image.h */,
				AD69E5DB1C4EE6B800DF6151 /* UIImage+Blured_And_SnapShot_Image.m */,
				AD69E5DC1C4EE6B800DF6151 /* UIImage+ImageEffects.h */,
				AD69E5DD1C4EE6B800DF6151 /* UIImage+ImageEffects.m */,
				AD69E5DE1C4EE6B800DF6151 /* UIImage+Resize.h */,
				AD69E5DF1C4EE6B800DF6151 /* UIImage+Resize.m */,
				AD69E5E01C4EE6B800DF6151 /* UIImage+RoundedCorner.h */,
				AD69E5E11C4EE6B800DF6151 /* UIImage+RoundedCorner.m */,
				77D9D4FA1C4CE9AB003C3610 /* UIColor+HexColor.h */,
				77D9D4FB1C4CE9AB003C3610 /* UIColor+HexColor.m */,
			);
			name = Category;
			sourceTree = "<group>";
		};
		77D9D5001C4CEBDC003C3610 /* Login */ = {
			isa = PBXGroup;
			children = (
				77D9D4FD1C4CEBD1003C3610 /* LognViewController.h */,
				77D9D4FE1C4CEBD1003C3610 /* LognViewController.m */,
				77D9D5011C4CEC30003C3610 /* LoginTextField.h */,
				77D9D5021C4CEC30003C3610 /* LoginTextField.m */,
			);
			name = Login;
			sourceTree = "<group>";
		};
		77E6DAB61C59FE6500FD1029 /* Сlient */ = {
			isa = PBXGroup;
			children = (
				77E6DABE1C5A0F4F00FD1029 /* Issue */,
				77E6DAB71C59FE8700FD1029 /* Basket */,
				77E6DAC21C5A1AF600FD1029 /* DecorView.h */,
				77E6DAC31C5A1AF600FD1029 /* DecorView.m */,
			);
			name = "Сlient";
			sourceTree = "<group>";
		};
		77E6DAB71C59FE8700FD1029 /* Basket */ = {
			isa = PBXGroup;
			children = (
				77E6DAB81C59FEB300FD1029 /* BasketViewController.h */,
				77E6DAB91C59FEB300FD1029 /* BasketViewController.m */,
			);
			name = Basket;
			sourceTree = "<group>";
		};
		77E6DABE1C5A0F4F00FD1029 /* Issue */ = {
			isa = PBXGroup;
			children = (
				77E6DABF1C5A0FD400FD1029 /* IssueViewController.h */,
				77E6DAC01C5A0FD400FD1029 /* IssueViewController.m */,
			);
			name = Issue;
			sourceTree = "<group>";
		};
		77E801A61C52619500091F9A /* ViewOrder */ = {
			isa = PBXGroup;
			children = (
				77E801A71C5261BD00091F9A /* OrderViewController.h */,
				77E801A81C5261BD00091F9A /* OrderViewController.m */,
				77E801AA1C5261D900091F9A /* OrderViewDetails.h */,
				77E801AB1C5261D900091F9A /* OrderViewDetails.m */,
			);
			name = ViewOrder;
			sourceTree = "<group>";
		};
		77FC43C61C4FFBC700F750A1 /* GuestPassword */ = {
			isa = PBXGroup;
			children = (
				77FC43C71C4FFC0B00F750A1 /* GuestPasswordViewController.h */,
				77FC43C81C4FFC0B00F750A1 /* GuestPasswordViewController.m */,
			);
			name = GuestPassword;
			sourceTree = "<group>";
		};
		ADFBF57C1C4C47E6007E080D /* API */ = {
			isa = PBXGroup;
			children = (
				ADFBF57D1C4C47FD007E080D /* APIGetClass.h */,
				ADFBF57E1C4C47FE007E080D /* APIGetClass.m */,
				ADFBF5801C4C496B007E080D /* APIPostClass.h */,
				ADFBF5811C4C496B007E080D /* APIPostClass.m */,
				AD6F10181C4D1EF900FF70B3 /* ParserAuthKey.h */,
				AD6F10191C4D1EF900FF70B3 /* ParserAuthKey.m */,
				AD6F101B1C4D1FB900FF70B3 /* ParserAuthResponse.h */,
				AD6F101C1C4D1FB900FF70B3 /* ParserAuthResponse.m */,
				AD6F10211C4D310900FF70B3 /* ParserLoginPassword.h */,
				AD6F10221C4D310900FF70B3 /* ParserLoginPassword.m */,
				AD6F10241C4D701600FF70B3 /* ParserLoginPasswordResponse.h */,
				AD6F10251C4D701600FF70B3 /* ParserLoginPasswordResponse.m */,
				AD69E5CC1C4E7C4400DF6151 /* ParserCategory.h */,
				AD69E5CD1C4E7C4400DF6151 /* ParserCategory.m */,
				AD69E5CF1C4E7C9F00DF6151 /* ParserCategoryResponse.h */,
				AD69E5D01C4E7C9F00DF6151 /* ParserCategoryResponse.m */,
				AD69E5EA1C501CE000DF6151 /* ParserGuestPassword.h */,
				AD69E5EB1C501CE000DF6151 /* ParserGuestPassword.m */,
				AD69E5ED1C501CF600DF6151 /* ParserGuestPasswordResponse.h */,
				AD69E5EE1C501CF600DF6151 /* ParserGuestPasswordResponse.m */,
				AD379B8F1C50EC9A005DDDAC /* ParserProduct.h */,
				AD379B901C50EC9A005DDDAC /* ParserProduct.m */,
				AD379B921C50ECA4005DDDAC /* ParserProductResponse.h */,
				AD379B931C50ECA4005DDDAC /* ParserProductResponse.m */,
				AD379BBC1C561F16005DDDAC /* ParserProductSize.h */,
				AD379BBD1C561F16005DDDAC /* ParserProductSize.m */,
				AD379BBF1C561F22005DDDAC /* ParserProductSizeResponse.h */,
				AD379BC01C561F22005DDDAC /* ParserProductSizeResponse.m */,
				AD379BB01C555B0C005DDDAC /* ParserOrder.h */,
				AD379BB11C555B0C005DDDAC /* ParserOrder.m */,
				AD379BB31C555B1C005DDDAC /* ParserOrderResponse.h */,
				AD379BB41C555B1C005DDDAC /* ParserOrderResponse.m */,
				AD379BB61C5560FE005DDDAC /* ParserOrderClientInfo.h */,
				AD379BB71C5560FE005DDDAC /* ParserOrderClientInfo.m */,
				AD379BB91C556108005DDDAC /* ParserOrderClientInfoResponse.h */,
				AD379BBA1C556108005DDDAC /* ParserOrderClientInfoResponse.m */,
				ADB6218B1C5A60B70041BE2F /* ParserBuyProductInfo.h */,
				ADB6218C1C5A60B70041BE2F /* ParserBuyProductInfo.m */,
				ADB6218E1C5A60DC0041BE2F /* ParserBuyProductInfoResponse.h */,
				ADB6218F1C5A60DC0041BE2F /* ParserBuyProductInfoResponse.m */,
				ADB621941C5BDCFB0041BE2F /* ParserSimpleCart.h */,
				ADB621951C5BDCFB0041BE2F /* ParserSimpleCart.m */,
				ADB621971C5BDD0B0041BE2F /* ParserSimpleCartResponse.h */,
				ADB621981C5BDD0B0041BE2F /* ParserSimpleCartResponse.m */,
				ADB6219A1C5CF2DD0041BE2F /* ParserFullCart.h */,
				ADB6219B1C5CF2DD0041BE2F /* ParserFullCart.m */,
				ADB6219D1C5CF2EB0041BE2F /* ParserFullCartResponse.h */,
				ADB6219E1C5CF2EB0041BE2F /* ParserFullCartResponse.m */,
			);
			name = API;
			sourceTree = "<group>";
		};
		ADFBF5831C4C4A0E007E080D /* CoreData */ = {
			isa = PBXGroup;
			children = (
				AD6F100F1C4D1C9F00FF70B3 /* Auth+CoreDataProperties.h */,
				AD6F10101C4D1C9F00FF70B3 /* Auth+CoreDataProperties.m */,
				AD6F10111C4D1C9F00FF70B3 /* Auth.h */,
				AD6F10121C4D1C9F00FF70B3 /* Auth.m */,
				AD6F10151C4D1CD600FF70B3 /* AuthDbClass.h */,
				AD6F10161C4D1CD600FF70B3 /* AuthDbClass.m */,
			);
			name = CoreData;
			sourceTree = "<group>";
		};
		ADFBF5871C4C5A5F007E080D /* Icons */ = {
			isa = PBXGroup;
			children = (
				77CB38131C5BABB200C3D695 /* ic_cart_grey.png */,
				77CB380D1C5B5C4D00C3D695 /* ic_more.png */,
				77E6DAC51C5A4FA700FD1029 /* ic_delete.png */,
				7721D6721C59566C00B7BF83 /* ic_cart.png */,
				77CCE9121C58FEB900D710D1 /* backImage.png */,
				77CCE9101C58FCCE00D710D1 /* imagesave.png */,
				77729FF81C53C7E700BC7791 /* ic_order_info.png */,
				77729FEC1C53B53F00BC7791 /* ic_order_edit.png */,
				775B79C31C50CECF0036ABCE /* ic_orders.png */,
				ADFBF58A1C4C5F16007E080D /* menu.png */,
			);
			name = Icons;
			sourceTree = "<group>";
		};
		D7172946F471A31E3679FAD2 /* Pods */ = {
			isa = PBXGroup;
			children = (
				C29A1CA412141FC74A35B3D2 /* Pods-Sadovod.debug.xcconfig */,
				87269916B8AC7706E07A131E /* Pods-Sadovod.release.xcconfig */,
			);
			name = Pods;
			sourceTree = "<group>";
		};
/* End PBXGroup section */

/* Begin PBXNativeTarget section */
		77BFECF11C4AC5E80091A336 /* Sadovod */ = {
			isa = PBXNativeTarget;
			buildConfigurationList = 77BFED1F1C4AC5E90091A336 /* Build configuration list for PBXNativeTarget "Sadovod" */;
			buildPhases = (
				AD10EBCA306C07DF407B8593 /* Check Pods Manifest.lock */,
				77BFECEE1C4AC5E80091A336 /* Sources */,
				77BFECEF1C4AC5E80091A336 /* Frameworks */,
				77BFECF01C4AC5E80091A336 /* Resources */,
				A9896FF86F5225DD9BA5794A /* Embed Pods Frameworks */,
				68978EADE8CD0AB8102D284D /* Copy Pods Resources */,
			);
			buildRules = (
			);
			dependencies = (
			);
			name = Sadovod;
			productName = Sadovod;
			productReference = 77BFECF21C4AC5E80091A336 /* Sadovod.app */;
			productType = "com.apple.product-type.application";
		};
		77BFED0A1C4AC5E90091A336 /* SadovodTests */ = {
			isa = PBXNativeTarget;
			buildConfigurationList = 77BFED221C4AC5E90091A336 /* Build configuration list for PBXNativeTarget "SadovodTests" */;
			buildPhases = (
				77BFED071C4AC5E90091A336 /* Sources */,
				77BFED081C4AC5E90091A336 /* Frameworks */,
				77BFED091C4AC5E90091A336 /* Resources */,
			);
			buildRules = (
			);
			dependencies = (
				77BFED0D1C4AC5E90091A336 /* PBXTargetDependency */,
			);
			name = SadovodTests;
			productName = SadovodTests;
			productReference = 77BFED0B1C4AC5E90091A336 /* SadovodTests.xctest */;
			productType = "com.apple.product-type.bundle.unit-test";
		};
		77BFED151C4AC5E90091A336 /* SadovodUITests */ = {
			isa = PBXNativeTarget;
			buildConfigurationList = 77BFED251C4AC5E90091A336 /* Build configuration list for PBXNativeTarget "SadovodUITests" */;
			buildPhases = (
				77BFED121C4AC5E90091A336 /* Sources */,
				77BFED131C4AC5E90091A336 /* Frameworks */,
				77BFED141C4AC5E90091A336 /* Resources */,
			);
			buildRules = (
			);
			dependencies = (
				77BFED181C4AC5E90091A336 /* PBXTargetDependency */,
			);
			name = SadovodUITests;
			productName = SadovodUITests;
			productReference = 77BFED161C4AC5E90091A336 /* SadovodUITests.xctest */;
			productType = "com.apple.product-type.bundle.ui-testing";
		};
/* End PBXNativeTarget section */

/* Begin PBXProject section */
		77BFECEA1C4AC5E80091A336 /* Project object */ = {
			isa = PBXProject;
			attributes = {
				LastUpgradeCheck = 0720;
				ORGANIZATIONNAME = Viktor;
				TargetAttributes = {
					77BFECF11C4AC5E80091A336 = {
						CreatedOnToolsVersion = 7.2;
						DevelopmentTeam = 6598R4ULA4;
					};
					77BFED0A1C4AC5E90091A336 = {
						CreatedOnToolsVersion = 7.2;
						TestTargetID = 77BFECF11C4AC5E80091A336;
					};
					77BFED151C4AC5E90091A336 = {
						CreatedOnToolsVersion = 7.2;
						TestTargetID = 77BFECF11C4AC5E80091A336;
					};
				};
			};
			buildConfigurationList = 77BFECED1C4AC5E80091A336 /* Build configuration list for PBXProject "Sadovod" */;
			compatibilityVersion = "Xcode 3.2";
			developmentRegion = English;
			hasScannedForEncodings = 0;
			knownRegions = (
				en,
				Base,
			);
			mainGroup = 77BFECE91C4AC5E80091A336;
			productRefGroup = 77BFECF31C4AC5E80091A336 /* Products */;
			projectDirPath = "";
			projectRoot = "";
			targets = (
				77BFECF11C4AC5E80091A336 /* Sadovod */,
				77BFED0A1C4AC5E90091A336 /* SadovodTests */,
				77BFED151C4AC5E90091A336 /* SadovodUITests */,
			);
		};
/* End PBXProject section */

/* Begin PBXResourcesBuildPhase section */
		77BFECF01C4AC5E80091A336 /* Resources */ = {
			isa = PBXResourcesBuildPhase;
			buildActionMask = 2147483647;
			files = (
				776BF2391C4B993C0006C502 /* 10image.jpg in Resources */,
				776BF2371C4B993C0006C502 /* 4image.png in Resources */,
				77BFED051C4AC5E80091A336 /* LaunchScreen.storyboard in Resources */,
				7721D6731C59566C00B7BF83 /* ic_cart.png in Resources */,
				77E6DAC61C5A4FA700FD1029 /* ic_delete.png in Resources */,
				776BF2351C4B993C0006C502 /* 6image.jpg in Resources */,
				776BF2311C4B993C0006C502 /* 1image.jpg in Resources */,
				77BFED021C4AC5E80091A336 /* Assets.xcassets in Resources */,
				776BF2321C4B993C0006C502 /* 5image.jpg in Resources */,
				77BFED001C4AC5E80091A336 /* Main.storyboard in Resources */,
				776BF23A1C4B993C0006C502 /* 8image.jpg in Resources */,
				77729FED1C53B53F00BC7791 /* ic_order_edit.png in Resources */,
				776BF2331C4B993C0006C502 /* 11image.jpg in Resources */,
				775B79C41C50CECF0036ABCE /* ic_orders.png in Resources */,
				77CB38141C5BABB200C3D695 /* ic_cart_grey.png in Resources */,
				77CCE9131C58FEB900D710D1 /* backImage.png in Resources */,
				77729FF91C53C7E700BC7791 /* ic_order_info.png in Resources */,
				77CCE9111C58FCCE00D710D1 /* imagesave.png in Resources */,
				776BF2341C4B993C0006C502 /* 2image.jpg in Resources */,
				ADFBF58B1C4C5F16007E080D /* menu.png in Resources */,
				776BF2381C4B993C0006C502 /* 9image.jpg in Resources */,
				776BF2301C4B993C0006C502 /* 3image.jpg in Resources */,
				776BF2361C4B993C0006C502 /* 7image.jpg in Resources */,
				77CB380E1C5B5C4D00C3D695 /* ic_more.png in Resources */,
			);
			runOnlyForDeploymentPostprocessing = 0;
		};
		77BFED091C4AC5E90091A336 /* Resources */ = {
			isa = PBXResourcesBuildPhase;
			buildActionMask = 2147483647;
			files = (
			);
			runOnlyForDeploymentPostprocessing = 0;
		};
		77BFED141C4AC5E90091A336 /* Resources */ = {
			isa = PBXResourcesBuildPhase;
			buildActionMask = 2147483647;
			files = (
			);
			runOnlyForDeploymentPostprocessing = 0;
		};
/* End PBXResourcesBuildPhase section */

/* Begin PBXShellScriptBuildPhase section */
		68978EADE8CD0AB8102D284D /* Copy Pods Resources */ = {
			isa = PBXShellScriptBuildPhase;
			buildActionMask = 2147483647;
			files = (
			);
			inputPaths = (
			);
			name = "Copy Pods Resources";
			outputPaths = (
			);
			runOnlyForDeploymentPostprocessing = 0;
			shellPath = /bin/sh;
			shellScript = "\"${SRCROOT}/Pods/Target Support Files/Pods-Sadovod/Pods-Sadovod-resources.sh\"\n";
			showEnvVarsInLog = 0;
		};
		A9896FF86F5225DD9BA5794A /* Embed Pods Frameworks */ = {
			isa = PBXShellScriptBuildPhase;
			buildActionMask = 2147483647;
			files = (
			);
			inputPaths = (
			);
			name = "Embed Pods Frameworks";
			outputPaths = (
			);
			runOnlyForDeploymentPostprocessing = 0;
			shellPath = /bin/sh;
			shellScript = "\"${SRCROOT}/Pods/Target Support Files/Pods-Sadovod/Pods-Sadovod-frameworks.sh\"\n";
			showEnvVarsInLog = 0;
		};
		AD10EBCA306C07DF407B8593 /* Check Pods Manifest.lock */ = {
			isa = PBXShellScriptBuildPhase;
			buildActionMask = 2147483647;
			files = (
			);
			inputPaths = (
			);
			name = "Check Pods Manifest.lock";
			outputPaths = (
			);
			runOnlyForDeploymentPostprocessing = 0;
			shellPath = /bin/sh;
			shellScript = "diff \"${PODS_ROOT}/../Podfile.lock\" \"${PODS_ROOT}/Manifest.lock\" > /dev/null\nif [[ $? != 0 ]] ; then\n    cat << EOM\nerror: The sandbox is not in sync with the Podfile.lock. Run 'pod install' or update your CocoaPods installation.\nEOM\n    exit 1\nfi\n";
			showEnvVarsInLog = 0;
		};
/* End PBXShellScriptBuildPhase section */

/* Begin PBXSourcesBuildPhase section */
		77BFECEE1C4AC5E80091A336 /* Sources */ = {
			isa = PBXSourcesBuildPhase;
			buildActionMask = 2147483647;
			files = (
				77CB38121C5B60DB00C3D695 /* Animation.m in Sources */,
				AD69E5E41C4EE6B800DF6151 /* UIImage+ImageEffects.m in Sources */,
				77E801A91C5261BD00091F9A /* OrderViewController.m in Sources */,
				77D9D5031C4CEC30003C3610 /* LoginTextField.m in Sources */,
				AD69E5E61C4EE6B800DF6151 /* UIImage+RoundedCorner.m in Sources */,
				775B79C81C50CFB60036ABCE /* OrdersViewController.m in Sources */,
				77BFECFD1C4AC5E80091A336 /* ViewController.m in Sources */,
				AD6F101D1C4D1FB900FF70B3 /* ParserAuthResponse.m in Sources */,
				ADB621961C5BDCFB0041BE2F /* ParserSimpleCart.m in Sources */,
				AD69E5D41C4E974300DF6151 /* MyShowcaseViewController.m in Sources */,
				AD69E5CE1C4E7C4400DF6151 /* ParserCategory.m in Sources */,
				AD69E5EF1C501CF600DF6151 /* ParserGuestPasswordResponse.m in Sources */,
				7767156A1C4FA8230008DC24 /* TitleClass.m in Sources */,
				AD379B911C50EC9A005DDDAC /* ParserProduct.m in Sources */,
				ADFBF5861C4C4B35007E080D /* AlertClass.m in Sources */,
				AD6F10231C4D310900FF70B3 /* ParserLoginPassword.m in Sources */,
				AD69E5E91C4EE75D00DF6151 /* TextAndImageHeight.m in Sources */,
				AD69E5E51C4EE6B800DF6151 /* UIImage+Resize.m in Sources */,
				77729FF71C53C53900BC7791 /* ViewCustomer.m in Sources */,
				77D9D4FC1C4CE9AB003C3610 /* UIColor+HexColor.m in Sources */,
				AD69E5E21C4EE6B800DF6151 /* UIImage+Alpha.m in Sources */,
				77BFED2E1C4ACF900091A336 /* UserMenuViewController.m in Sources */,
				77BFECFA1C4AC5E80091A336 /* AppDelegate.m in Sources */,
				AD6F10261C4D701600FF70B3 /* ParserLoginPasswordResponse.m in Sources */,
				776BF23E1C4BB2510006C502 /* ViewControllerProductDetails.m in Sources */,
				AD379B941C50ECA4005DDDAC /* ParserProductResponse.m in Sources */,
				77729FF41C53C52100BC7791 /* CustomerViewController.m in Sources */,
				ADB6219C1C5CF2DD0041BE2F /* ParserFullCart.m in Sources */,
				77E6DAC11C5A0FD400FD1029 /* IssueViewController.m in Sources */,
				77E5772A1C60D100000F0C44 /* UIBarButtonItem+Alpha.m in Sources */,
				776BF21D1C4B8A4C0006C502 /* SectionTableViewController.m in Sources */,
				AD379BB51C555B1C005DDDAC /* ParserOrderResponse.m in Sources */,
				AD6F100E1C4D1C3A00FF70B3 /* UserModel.xcdatamodeld in Sources */,
				77729FF01C53B94400BC7791 /* EditSizeViewController.m in Sources */,
				77E801AC1C5261D900091F9A /* OrderViewDetails.m in Sources */,
				ADB621931C5BD8480041BE2F /* CartUpdaterClass.m in Sources */,
				77BFECF71C4AC5E80091A336 /* main.m in Sources */,
				77CE81941C4AF296003C7FFE /* ModelMyShowcase.m in Sources */,
				776BF2231C4B95B80006C502 /* ModelSectionTableOwner.m in Sources */,
				ADB621991C5BDD0B0041BE2F /* ParserSimpleCartResponse.m in Sources */,
				AD6F101A1C4D1EF900FF70B3 /* ParserAuthKey.m in Sources */,
				ADFBF5821C4C496B007E080D /* APIPostClass.m in Sources */,
				AD379BBE1C561F16005DDDAC /* ParserProductSize.m in Sources */,
				AD69E5E31C4EE6B800DF6151 /* UIImage+Blured_And_SnapShot_Image.m in Sources */,
				AD6F10201C4D266300FF70B3 /* SingleTone.m in Sources */,
				776BF2201C4B92780006C502 /* ViewSectionTable.m in Sources */,
				ADB6219F1C5CF2EB0041BE2F /* ParserFullCartResponse.m in Sources */,
				AD6F10131C4D1C9F00FF70B3 /* Auth+CoreDataProperties.m in Sources */,
				ADB6218D1C5A60B70041BE2F /* ParserBuyProductInfo.m in Sources */,
				AD6F10141C4D1C9F00FF70B3 /* Auth.m in Sources */,
				AD69E5EC1C501CE000DF6151 /* ParserGuestPassword.m in Sources */,
				77979C941C5CE76F0019A2EB /* LabelProductDetail.m in Sources */,
				7767156D1C4FC4A70008DC24 /* ViewProductDetails.m in Sources */,
				77E6DAC41C5A1AF600FD1029 /* DecorView.m in Sources */,
				ADFBF57F1C4C47FE007E080D /* APIGetClass.m in Sources */,
				77BFED2B1C4AC9F10091A336 /* SWRevealViewController.m in Sources */,
				AD379BBB1C556108005DDDAC /* ParserOrderClientInfoResponse.m in Sources */,
				77D9D4FF1C4CEBD1003C3610 /* LognViewController.m in Sources */,
				AD379BC11C561F22005DDDAC /* ParserProductSizeResponse.m in Sources */,
				AD69E5D11C4E7C9F00DF6151 /* ParserCategoryResponse.m in Sources */,
				775B79CB1C51168B0036ABCE /* TextViewHeight.m in Sources */,
				77E6DABA1C59FEB300FD1029 /* BasketViewController.m in Sources */,
				ADB621901C5A60DC0041BE2F /* ParserBuyProductInfoResponse.m in Sources */,
				77CE819A1C4AFC44003C7FFE /* LabelViewMyShowcase.m in Sources */,
				AD379BB21C555B0C005DDDAC /* ParserOrder.m in Sources */,
				77FC43C91C4FFC0B00F750A1 /* GuestPasswordViewController.m in Sources */,
				AD379BB81C5560FE005DDDAC /* ParserOrderClientInfo.m in Sources */,
				AD6F10171C4D1CD600FF70B3 /* AuthDbClass.m in Sources */,
			);
			runOnlyForDeploymentPostprocessing = 0;
		};
		77BFED071C4AC5E90091A336 /* Sources */ = {
			isa = PBXSourcesBuildPhase;
			buildActionMask = 2147483647;
			files = (
				77BFED101C4AC5E90091A336 /* SadovodTests.m in Sources */,
			);
			runOnlyForDeploymentPostprocessing = 0;
		};
		77BFED121C4AC5E90091A336 /* Sources */ = {
			isa = PBXSourcesBuildPhase;
			buildActionMask = 2147483647;
			files = (
				77BFED1B1C4AC5E90091A336 /* SadovodUITests.m in Sources */,
			);
			runOnlyForDeploymentPostprocessing = 0;
		};
/* End PBXSourcesBuildPhase section */

/* Begin PBXTargetDependency section */
		77BFED0D1C4AC5E90091A336 /* PBXTargetDependency */ = {
			isa = PBXTargetDependency;
			target = 77BFECF11C4AC5E80091A336 /* Sadovod */;
			targetProxy = 77BFED0C1C4AC5E90091A336 /* PBXContainerItemProxy */;
		};
		77BFED181C4AC5E90091A336 /* PBXTargetDependency */ = {
			isa = PBXTargetDependency;
			target = 77BFECF11C4AC5E80091A336 /* Sadovod */;
			targetProxy = 77BFED171C4AC5E90091A336 /* PBXContainerItemProxy */;
		};
/* End PBXTargetDependency section */

/* Begin PBXVariantGroup section */
		77BFECFE1C4AC5E80091A336 /* Main.storyboard */ = {
			isa = PBXVariantGroup;
			children = (
				77BFECFF1C4AC5E80091A336 /* Base */,
			);
			name = Main.storyboard;
			sourceTree = "<group>";
		};
		77BFED031C4AC5E80091A336 /* LaunchScreen.storyboard */ = {
			isa = PBXVariantGroup;
			children = (
				77BFED041C4AC5E80091A336 /* Base */,
			);
			name = LaunchScreen.storyboard;
			sourceTree = "<group>";
		};
/* End PBXVariantGroup section */

/* Begin XCBuildConfiguration section */
		77BFED1D1C4AC5E90091A336 /* Debug */ = {
			isa = XCBuildConfiguration;
			buildSettings = {
				ALWAYS_SEARCH_USER_PATHS = NO;
				CLANG_CXX_LANGUAGE_STANDARD = "gnu++0x";
				CLANG_CXX_LIBRARY = "libc++";
				CLANG_ENABLE_MODULES = YES;
				CLANG_ENABLE_OBJC_ARC = YES;
				CLANG_WARN_BOOL_CONVERSION = YES;
				CLANG_WARN_CONSTANT_CONVERSION = YES;
				CLANG_WARN_DIRECT_OBJC_ISA_USAGE = YES_ERROR;
				CLANG_WARN_EMPTY_BODY = YES;
				CLANG_WARN_ENUM_CONVERSION = YES;
				CLANG_WARN_INT_CONVERSION = YES;
				CLANG_WARN_OBJC_ROOT_CLASS = YES_ERROR;
				CLANG_WARN_UNREACHABLE_CODE = YES;
				CLANG_WARN__DUPLICATE_METHOD_MATCH = YES;
				"CODE_SIGN_IDENTITY[sdk=iphoneos*]" = "iPhone Developer";
				COPY_PHASE_STRIP = NO;
				DEBUG_INFORMATION_FORMAT = dwarf;
				ENABLE_STRICT_OBJC_MSGSEND = YES;
				ENABLE_TESTABILITY = YES;
				GCC_C_LANGUAGE_STANDARD = gnu99;
				GCC_DYNAMIC_NO_PIC = NO;
				GCC_NO_COMMON_BLOCKS = YES;
				GCC_OPTIMIZATION_LEVEL = 0;
				GCC_PREPROCESSOR_DEFINITIONS = (
					"DEBUG=1",
					"$(inherited)",
				);
				GCC_WARN_64_TO_32_BIT_CONVERSION = YES;
				GCC_WARN_ABOUT_RETURN_TYPE = YES_ERROR;
				GCC_WARN_UNDECLARED_SELECTOR = YES;
				GCC_WARN_UNINITIALIZED_AUTOS = YES_AGGRESSIVE;
				GCC_WARN_UNUSED_FUNCTION = YES;
				GCC_WARN_UNUSED_VARIABLE = YES;
				IPHONEOS_DEPLOYMENT_TARGET = 9.2;
				MTL_ENABLE_DEBUG_INFO = YES;
				ONLY_ACTIVE_ARCH = YES;
				SDKROOT = iphoneos;
				TARGETED_DEVICE_FAMILY = "1,2";
			};
			name = Debug;
		};
		77BFED1E1C4AC5E90091A336 /* Release */ = {
			isa = XCBuildConfiguration;
			buildSettings = {
				ALWAYS_SEARCH_USER_PATHS = NO;
				CLANG_CXX_LANGUAGE_STANDARD = "gnu++0x";
				CLANG_CXX_LIBRARY = "libc++";
				CLANG_ENABLE_MODULES = YES;
				CLANG_ENABLE_OBJC_ARC = YES;
				CLANG_WARN_BOOL_CONVERSION = YES;
				CLANG_WARN_CONSTANT_CONVERSION = YES;
				CLANG_WARN_DIRECT_OBJC_ISA_USAGE = YES_ERROR;
				CLANG_WARN_EMPTY_BODY = YES;
				CLANG_WARN_ENUM_CONVERSION = YES;
				CLANG_WARN_INT_CONVERSION = YES;
				CLANG_WARN_OBJC_ROOT_CLASS = YES_ERROR;
				CLANG_WARN_UNREACHABLE_CODE = YES;
				CLANG_WARN__DUPLICATE_METHOD_MATCH = YES;
				"CODE_SIGN_IDENTITY[sdk=iphoneos*]" = "iPhone Developer";
				COPY_PHASE_STRIP = NO;
				DEBUG_INFORMATION_FORMAT = "dwarf-with-dsym";
				ENABLE_NS_ASSERTIONS = NO;
				ENABLE_STRICT_OBJC_MSGSEND = YES;
				GCC_C_LANGUAGE_STANDARD = gnu99;
				GCC_NO_COMMON_BLOCKS = YES;
				GCC_WARN_64_TO_32_BIT_CONVERSION = YES;
				GCC_WARN_ABOUT_RETURN_TYPE = YES_ERROR;
				GCC_WARN_UNDECLARED_SELECTOR = YES;
				GCC_WARN_UNINITIALIZED_AUTOS = YES_AGGRESSIVE;
				GCC_WARN_UNUSED_FUNCTION = YES;
				GCC_WARN_UNUSED_VARIABLE = YES;
				IPHONEOS_DEPLOYMENT_TARGET = 9.2;
				MTL_ENABLE_DEBUG_INFO = NO;
				SDKROOT = iphoneos;
				TARGETED_DEVICE_FAMILY = "1,2";
				VALIDATE_PRODUCT = YES;
			};
			name = Release;
		};
		77BFED201C4AC5E90091A336 /* Debug */ = {
			isa = XCBuildConfiguration;
			baseConfigurationReference = C29A1CA412141FC74A35B3D2 /* Pods-Sadovod.debug.xcconfig */;
			buildSettings = {
				ASSETCATALOG_COMPILER_APPICON_NAME = AppIcon;
				CODE_SIGN_IDENTITY = "iPhone Developer";
				"CODE_SIGN_IDENTITY[sdk=iphoneos*]" = "iPhone Developer";
				INFOPLIST_FILE = Sadovod/Info.plist;
				IPHONEOS_DEPLOYMENT_TARGET = 9.2;
				LD_RUNPATH_SEARCH_PATHS = "$(inherited) @executable_path/Frameworks";
				PRODUCT_BUNDLE_IDENTIFIER = "Ugi-Ugi.Sadovod";
				PRODUCT_NAME = "$(TARGET_NAME)";
				PROVISIONING_PROFILE = "";
			};
			name = Debug;
		};
		77BFED211C4AC5E90091A336 /* Release */ = {
			isa = XCBuildConfiguration;
			baseConfigurationReference = 87269916B8AC7706E07A131E /* Pods-Sadovod.release.xcconfig */;
			buildSettings = {
				ASSETCATALOG_COMPILER_APPICON_NAME = AppIcon;
				CODE_SIGN_IDENTITY = "iPhone Developer";
				"CODE_SIGN_IDENTITY[sdk=iphoneos*]" = "iPhone Developer";
				INFOPLIST_FILE = Sadovod/Info.plist;
				IPHONEOS_DEPLOYMENT_TARGET = 9.2;
				LD_RUNPATH_SEARCH_PATHS = "$(inherited) @executable_path/Frameworks";
				PRODUCT_BUNDLE_IDENTIFIER = "Ugi-Ugi.Sadovod";
				PRODUCT_NAME = "$(TARGET_NAME)";
				PROVISIONING_PROFILE = "";
			};
			name = Release;
		};
		77BFED231C4AC5E90091A336 /* Debug */ = {
			isa = XCBuildConfiguration;
			buildSettings = {
				BUNDLE_LOADER = "$(TEST_HOST)";
				INFOPLIST_FILE = SadovodTests/Info.plist;
				LD_RUNPATH_SEARCH_PATHS = "$(inherited) @executable_path/Frameworks @loader_path/Frameworks";
				PRODUCT_BUNDLE_IDENTIFIER = "Ugi-Ugi.SadovodTests";
				PRODUCT_NAME = "$(TARGET_NAME)";
				TEST_HOST = "$(BUILT_PRODUCTS_DIR)/Sadovod.app/Sadovod";
			};
			name = Debug;
		};
		77BFED241C4AC5E90091A336 /* Release */ = {
			isa = XCBuildConfiguration;
			buildSettings = {
				BUNDLE_LOADER = "$(TEST_HOST)";
				INFOPLIST_FILE = SadovodTests/Info.plist;
				LD_RUNPATH_SEARCH_PATHS = "$(inherited) @executable_path/Frameworks @loader_path/Frameworks";
				PRODUCT_BUNDLE_IDENTIFIER = "Ugi-Ugi.SadovodTests";
				PRODUCT_NAME = "$(TARGET_NAME)";
				TEST_HOST = "$(BUILT_PRODUCTS_DIR)/Sadovod.app/Sadovod";
			};
			name = Release;
		};
		77BFED261C4AC5E90091A336 /* Debug */ = {
			isa = XCBuildConfiguration;
			buildSettings = {
				INFOPLIST_FILE = SadovodUITests/Info.plist;
				LD_RUNPATH_SEARCH_PATHS = "$(inherited) @executable_path/Frameworks @loader_path/Frameworks";
				PRODUCT_BUNDLE_IDENTIFIER = "Ugi-Ugi.SadovodUITests";
				PRODUCT_NAME = "$(TARGET_NAME)";
				TEST_TARGET_NAME = Sadovod;
				USES_XCTRUNNER = YES;
			};
			name = Debug;
		};
		77BFED271C4AC5E90091A336 /* Release */ = {
			isa = XCBuildConfiguration;
			buildSettings = {
				INFOPLIST_FILE = SadovodUITests/Info.plist;
				LD_RUNPATH_SEARCH_PATHS = "$(inherited) @executable_path/Frameworks @loader_path/Frameworks";
				PRODUCT_BUNDLE_IDENTIFIER = "Ugi-Ugi.SadovodUITests";
				PRODUCT_NAME = "$(TARGET_NAME)";
				TEST_TARGET_NAME = Sadovod;
				USES_XCTRUNNER = YES;
			};
			name = Release;
		};
/* End XCBuildConfiguration section */

/* Begin XCConfigurationList section */
		77BFECED1C4AC5E80091A336 /* Build configuration list for PBXProject "Sadovod" */ = {
			isa = XCConfigurationList;
			buildConfigurations = (
				77BFED1D1C4AC5E90091A336 /* Debug */,
				77BFED1E1C4AC5E90091A336 /* Release */,
			);
			defaultConfigurationIsVisible = 0;
			defaultConfigurationName = Release;
		};
		77BFED1F1C4AC5E90091A336 /* Build configuration list for PBXNativeTarget "Sadovod" */ = {
			isa = XCConfigurationList;
			buildConfigurations = (
				77BFED201C4AC5E90091A336 /* Debug */,
				77BFED211C4AC5E90091A336 /* Release */,
			);
			defaultConfigurationIsVisible = 0;
			defaultConfigurationName = Release;
		};
		77BFED221C4AC5E90091A336 /* Build configuration list for PBXNativeTarget "SadovodTests" */ = {
			isa = XCConfigurationList;
			buildConfigurations = (
				77BFED231C4AC5E90091A336 /* Debug */,
				77BFED241C4AC5E90091A336 /* Release */,
			);
			defaultConfigurationIsVisible = 0;
			defaultConfigurationName = Release;
		};
		77BFED251C4AC5E90091A336 /* Build configuration list for PBXNativeTarget "SadovodUITests" */ = {
			isa = XCConfigurationList;
			buildConfigurations = (
				77BFED261C4AC5E90091A336 /* Debug */,
				77BFED271C4AC5E90091A336 /* Release */,
			);
			defaultConfigurationIsVisible = 0;
			defaultConfigurationName = Release;
		};
/* End XCConfigurationList section */

/* Begin XCVersionGroup section */
		AD6F100C1C4D1C3A00FF70B3 /* UserModel.xcdatamodeld */ = {
			isa = XCVersionGroup;
			children = (
				AD6F100D1C4D1C3A00FF70B3 /* UserModel.xcdatamodel */,
			);
			currentVersion = AD6F100D1C4D1C3A00FF70B3 /* UserModel.xcdatamodel */;
			path = UserModel.xcdatamodeld;
			sourceTree = "<group>";
			versionGroupType = wrapper.xcdatamodel;
		};
/* End XCVersionGroup section */
	};
	rootObject = 77BFECEA1C4AC5E80091A336 /* Project object */;
}
